// !$*UTF8*$!
{
	archiveVersion = 1;
	classes = {
	};
	objectVersion = 50;
	objects = {

/* Begin PBXBuildFile section */
		6304A3B524C103660093DF70 /* MainScreenContent.swift in Sources */ = {isa = PBXBuildFile; fileRef = 6304A3B424C103660093DF70 /* MainScreenContent.swift */; };
		6304A3B624C103660093DF70 /* MainScreenContent.swift in Sources */ = {isa = PBXBuildFile; fileRef = 6304A3B424C103660093DF70 /* MainScreenContent.swift */; };
		63BC981124B90C4900AE1B28 /* Sketcher.swift in Sources */ = {isa = PBXBuildFile; fileRef = 63BC97FE24B90C4800AE1B28 /* Sketcher.swift */; };
		63BC981224B90C4900AE1B28 /* Sketcher.swift in Sources */ = {isa = PBXBuildFile; fileRef = 63BC97FE24B90C4800AE1B28 /* Sketcher.swift */; };
		63BC981324B90C4900AE1B28 /* MainScreen.swift in Sources */ = {isa = PBXBuildFile; fileRef = 63BC97FF24B90C4800AE1B28 /* MainScreen.swift */; };
		63BC981424B90C4900AE1B28 /* MainScreen.swift in Sources */ = {isa = PBXBuildFile; fileRef = 63BC97FF24B90C4800AE1B28 /* MainScreen.swift */; };
		63BC981524B90C4900AE1B28 /* Assets.xcassets in Resources */ = {isa = PBXBuildFile; fileRef = 63BC980024B90C4900AE1B28 /* Assets.xcassets */; };
		63BC981624B90C4900AE1B28 /* Assets.xcassets in Resources */ = {isa = PBXBuildFile; fileRef = 63BC980024B90C4900AE1B28 /* Assets.xcassets */; };
		63BC982724B90D7300AE1B28 /* Montserrat-Medium.ttf in Resources */ = {isa = PBXBuildFile; fileRef = 63BC982124B90D6500AE1B28 /* Montserrat-Medium.ttf */; };
		63BC982824B90D7300AE1B28 /* Montserrat-Bold.ttf in Resources */ = {isa = PBXBuildFile; fileRef = 63BC982224B90D6500AE1B28 /* Montserrat-Bold.ttf */; };
		63BC982924B90D7300AE1B28 /* Montserrat-Medium.ttf in Resources */ = {isa = PBXBuildFile; fileRef = 63BC982124B90D6500AE1B28 /* Montserrat-Medium.ttf */; };
		63BC982A24B90D7300AE1B28 /* Montserrat-Bold.ttf in Resources */ = {isa = PBXBuildFile; fileRef = 63BC982224B90D6500AE1B28 /* Montserrat-Bold.ttf */; };
		63BC982D24B91ED000AE1B28 /* Fonts.swift in Sources */ = {isa = PBXBuildFile; fileRef = 63BC982C24B91ED000AE1B28 /* Fonts.swift */; };
		63BC982E24B91ED000AE1B28 /* Fonts.swift in Sources */ = {isa = PBXBuildFile; fileRef = 63BC982C24B91ED000AE1B28 /* Fonts.swift */; };
		63BC983224B9227800AE1B28 /* ProgressHeader.swift in Sources */ = {isa = PBXBuildFile; fileRef = 63BC983124B9227800AE1B28 /* ProgressHeader.swift */; };
		63BC983324B9227800AE1B28 /* ProgressHeader.swift in Sources */ = {isa = PBXBuildFile; fileRef = 63BC983124B9227800AE1B28 /* ProgressHeader.swift */; };
		63BC983524B9244000AE1B28 /* Colors.swift in Sources */ = {isa = PBXBuildFile; fileRef = 63BC983424B9244000AE1B28 /* Colors.swift */; };
		63BC983624B9244000AE1B28 /* Colors.swift in Sources */ = {isa = PBXBuildFile; fileRef = 63BC983424B9244000AE1B28 /* Colors.swift */; };
		63BC983824B939A500AE1B28 /* MainScreenSection.swift in Sources */ = {isa = PBXBuildFile; fileRef = 63BC983724B939A500AE1B28 /* MainScreenSection.swift */; };
		63BC983924B939A500AE1B28 /* MainScreenSection.swift in Sources */ = {isa = PBXBuildFile; fileRef = 63BC983724B939A500AE1B28 /* MainScreenSection.swift */; };
		63BC983B24B9DE0E00AE1B28 /* SpacingLevel.swift in Sources */ = {isa = PBXBuildFile; fileRef = 63BC983A24B9DE0E00AE1B28 /* SpacingLevel.swift */; };
		63BC983C24B9DE0E00AE1B28 /* SpacingLevel.swift in Sources */ = {isa = PBXBuildFile; fileRef = 63BC983A24B9DE0E00AE1B28 /* SpacingLevel.swift */; };
		63BC983E24B9DEEC00AE1B28 /* Design.swift in Sources */ = {isa = PBXBuildFile; fileRef = 63BC983D24B9DEEC00AE1B28 /* Design.swift */; };
		63BC983F24B9DEEC00AE1B28 /* Design.swift in Sources */ = {isa = PBXBuildFile; fileRef = 63BC983D24B9DEEC00AE1B28 /* Design.swift */; };
		63BC984224B9F3CF00AE1B28 /* SessionCell.swift in Sources */ = {isa = PBXBuildFile; fileRef = 63BC984124B9F3CF00AE1B28 /* SessionCell.swift */; };
		63BC984324B9F3CF00AE1B28 /* SessionCell.swift in Sources */ = {isa = PBXBuildFile; fileRef = 63BC984124B9F3CF00AE1B28 /* SessionCell.swift */; };
		63DBFF8624BA300C000E1FD5 /* RecomendedSessions.swift in Sources */ = {isa = PBXBuildFile; fileRef = 63DBFF8524BA300C000E1FD5 /* RecomendedSessions.swift */; };
		63DBFF8724BA300C000E1FD5 /* RecomendedSessions.swift in Sources */ = {isa = PBXBuildFile; fileRef = 63DBFF8524BA300C000E1FD5 /* RecomendedSessions.swift */; };
		63DBFF8B24BA3039000E1FD5 /* Session.swift in Sources */ = {isa = PBXBuildFile; fileRef = 63DBFF8A24BA3039000E1FD5 /* Session.swift */; };
		63DBFF8C24BA3039000E1FD5 /* Session.swift in Sources */ = {isa = PBXBuildFile; fileRef = 63DBFF8A24BA3039000E1FD5 /* Session.swift */; };
		63DBFF8E24BA3201000E1FD5 /* RecomendedSession.swift in Sources */ = {isa = PBXBuildFile; fileRef = 63DBFF8D24BA3201000E1FD5 /* RecomendedSession.swift */; };
		63DBFF8F24BA3201000E1FD5 /* RecomendedSession.swift in Sources */ = {isa = PBXBuildFile; fileRef = 63DBFF8D24BA3201000E1FD5 /* RecomendedSession.swift */; };
		63DBFF9124BA4EBE000E1FD5 /* UserSessions.swift in Sources */ = {isa = PBXBuildFile; fileRef = 63DBFF9024BA4EBE000E1FD5 /* UserSessions.swift */; };
		63DBFF9224BA4EBE000E1FD5 /* UserSessions.swift in Sources */ = {isa = PBXBuildFile; fileRef = 63DBFF9024BA4EBE000E1FD5 /* UserSessions.swift */; };
		63DBFF9524BA508B000E1FD5 /* Sessions.swift in Sources */ = {isa = PBXBuildFile; fileRef = 63DBFF9424BA508B000E1FD5 /* Sessions.swift */; };
		63DBFF9624BA508B000E1FD5 /* Sessions.swift in Sources */ = {isa = PBXBuildFile; fileRef = 63DBFF9424BA508B000E1FD5 /* Sessions.swift */; };
		63DBFF9824BA509C000E1FD5 /* Mocks.swift in Sources */ = {isa = PBXBuildFile; fileRef = 63DBFF9724BA509C000E1FD5 /* Mocks.swift */; };
		63DBFF9924BA509C000E1FD5 /* Mocks.swift in Sources */ = {isa = PBXBuildFile; fileRef = 63DBFF9724BA509C000E1FD5 /* Mocks.swift */; };
		63DBFF9B24BA50C6000E1FD5 /* Recomendations.swift in Sources */ = {isa = PBXBuildFile; fileRef = 63DBFF9A24BA50C6000E1FD5 /* Recomendations.swift */; };
		63DBFF9C24BA50C6000E1FD5 /* Recomendations.swift in Sources */ = {isa = PBXBuildFile; fileRef = 63DBFF9A24BA50C6000E1FD5 /* Recomendations.swift */; };
		63DBFF9F24BA60E7000E1FD5 /* VisualEffect.swift in Sources */ = {isa = PBXBuildFile; fileRef = 63DBFF9E24BA60E7000E1FD5 /* VisualEffect.swift */; };
		63DBFFA024BA60E7000E1FD5 /* VisualEffect.swift in Sources */ = {isa = PBXBuildFile; fileRef = 63DBFF9E24BA60E7000E1FD5 /* VisualEffect.swift */; };
/* End PBXBuildFile section */

/* Begin PBXFileReference section */
		6304A3B424C103660093DF70 /* MainScreenContent.swift */ = {isa = PBXFileReference; lastKnownFileType = sourcecode.swift; path = MainScreenContent.swift; sourceTree = "<group>"; };
		63BC97FE24B90C4800AE1B28 /* Sketcher.swift */ = {isa = PBXFileReference; lastKnownFileType = sourcecode.swift; path = Sketcher.swift; sourceTree = "<group>"; };
		63BC97FF24B90C4800AE1B28 /* MainScreen.swift */ = {isa = PBXFileReference; lastKnownFileType = sourcecode.swift; path = MainScreen.swift; sourceTree = "<group>"; };
		63BC980024B90C4900AE1B28 /* Assets.xcassets */ = {isa = PBXFileReference; lastKnownFileType = folder.assetcatalog; path = Assets.xcassets; sourceTree = "<group>"; };
		63BC980524B90C4900AE1B28 /* Sketcher SUI.app */ = {isa = PBXFileReference; explicitFileType = wrapper.application; includeInIndex = 0; path = "Sketcher SUI.app"; sourceTree = BUILT_PRODUCTS_DIR; };
		63BC980824B90C4900AE1B28 /* Info.plist */ = {isa = PBXFileReference; lastKnownFileType = text.plist.xml; path = Info.plist; sourceTree = "<group>"; };
		63BC980D24B90C4900AE1B28 /* Sketcher SUI.app */ = {isa = PBXFileReference; explicitFileType = wrapper.application; includeInIndex = 0; path = "Sketcher SUI.app"; sourceTree = BUILT_PRODUCTS_DIR; };
		63BC980F24B90C4900AE1B28 /* Info.plist */ = {isa = PBXFileReference; lastKnownFileType = text.plist.xml; path = Info.plist; sourceTree = "<group>"; };
		63BC981024B90C4900AE1B28 /* macOS.entitlements */ = {isa = PBXFileReference; lastKnownFileType = text.plist.entitlements; path = macOS.entitlements; sourceTree = "<group>"; };
		63BC982124B90D6500AE1B28 /* Montserrat-Medium.ttf */ = {isa = PBXFileReference; lastKnownFileType = file; path = "Montserrat-Medium.ttf"; sourceTree = "<group>"; };
		63BC982224B90D6500AE1B28 /* Montserrat-Bold.ttf */ = {isa = PBXFileReference; lastKnownFileType = file; path = "Montserrat-Bold.ttf"; sourceTree = "<group>"; };
		63BC982C24B91ED000AE1B28 /* Fonts.swift */ = {isa = PBXFileReference; lastKnownFileType = sourcecode.swift; path = Fonts.swift; sourceTree = "<group>"; };
		63BC983124B9227800AE1B28 /* ProgressHeader.swift */ = {isa = PBXFileReference; lastKnownFileType = sourcecode.swift; path = ProgressHeader.swift; sourceTree = "<group>"; };
		63BC983424B9244000AE1B28 /* Colors.swift */ = {isa = PBXFileReference; lastKnownFileType = sourcecode.swift; path = Colors.swift; sourceTree = "<group>"; };
		63BC983724B939A500AE1B28 /* MainScreenSection.swift */ = {isa = PBXFileReference; lastKnownFileType = sourcecode.swift; path = MainScreenSection.swift; sourceTree = "<group>"; };
		63BC983A24B9DE0E00AE1B28 /* SpacingLevel.swift */ = {isa = PBXFileReference; lastKnownFileType = sourcecode.swift; path = SpacingLevel.swift; sourceTree = "<group>"; };
		63BC983D24B9DEEC00AE1B28 /* Design.swift */ = {isa = PBXFileReference; lastKnownFileType = sourcecode.swift; path = Design.swift; sourceTree = "<group>"; };
		63BC984124B9F3CF00AE1B28 /* SessionCell.swift */ = {isa = PBXFileReference; lastKnownFileType = sourcecode.swift; path = SessionCell.swift; sourceTree = "<group>"; };
		63BC984424B9F9ED00AE1B28 /* Preview Assets.xcassets */ = {isa = PBXFileReference; lastKnownFileType = folder.assetcatalog; path = "Preview Assets.xcassets"; sourceTree = "<group>"; };
		63DBFF8524BA300C000E1FD5 /* RecomendedSessions.swift */ = {isa = PBXFileReference; lastKnownFileType = sourcecode.swift; path = RecomendedSessions.swift; sourceTree = "<group>"; };
		63DBFF8A24BA3039000E1FD5 /* Session.swift */ = {isa = PBXFileReference; lastKnownFileType = sourcecode.swift; path = Session.swift; sourceTree = "<group>"; };
		63DBFF8D24BA3201000E1FD5 /* RecomendedSession.swift */ = {isa = PBXFileReference; lastKnownFileType = sourcecode.swift; path = RecomendedSession.swift; sourceTree = "<group>"; };
		63DBFF9024BA4EBE000E1FD5 /* UserSessions.swift */ = {isa = PBXFileReference; lastKnownFileType = sourcecode.swift; path = UserSessions.swift; sourceTree = "<group>"; };
		63DBFF9424BA508B000E1FD5 /* Sessions.swift */ = {isa = PBXFileReference; lastKnownFileType = sourcecode.swift; path = Sessions.swift; sourceTree = "<group>"; };
		63DBFF9724BA509C000E1FD5 /* Mocks.swift */ = {isa = PBXFileReference; lastKnownFileType = sourcecode.swift; path = Mocks.swift; sourceTree = "<group>"; };
		63DBFF9A24BA50C6000E1FD5 /* Recomendations.swift */ = {isa = PBXFileReference; lastKnownFileType = sourcecode.swift; path = Recomendations.swift; sourceTree = "<group>"; };
		63DBFF9E24BA60E7000E1FD5 /* VisualEffect.swift */ = {isa = PBXFileReference; lastKnownFileType = sourcecode.swift; path = VisualEffect.swift; sourceTree = "<group>"; };
/* End PBXFileReference section */

/* Begin PBXFrameworksBuildPhase section */
		63BC980224B90C4900AE1B28 /* Frameworks */ = {
			isa = PBXFrameworksBuildPhase;
			buildActionMask = 2147483647;
			files = (
			);
			runOnlyForDeploymentPostprocessing = 0;
		};
		63BC980A24B90C4900AE1B28 /* Frameworks */ = {
			isa = PBXFrameworksBuildPhase;
			buildActionMask = 2147483647;
			files = (
			);
			runOnlyForDeploymentPostprocessing = 0;
		};
/* End PBXFrameworksBuildPhase section */

/* Begin PBXGroup section */
		63BC97F824B90C4800AE1B28 = {
			isa = PBXGroup;
			children = (
				63BC97FD24B90C4800AE1B28 /* Shared */,
				63BC980724B90C4900AE1B28 /* iOS */,
				63BC980E24B90C4900AE1B28 /* macOS */,
				63BC980624B90C4900AE1B28 /* Products */,
			);
			sourceTree = "<group>";
		};
		63BC97FD24B90C4800AE1B28 /* Shared */ = {
			isa = PBXGroup;
			children = (
				63DBFF9324BA5081000E1FD5 /* Mocks */,
				63DBFF8924BA3027000E1FD5 /* Domain */,
				63DBFF8824BA301B000E1FD5 /* Presentation */,
				63BC981F24B90D0C00AE1B28 /* Resources */,
			);
			path = Shared;
			sourceTree = "<group>";
		};
		63BC980624B90C4900AE1B28 /* Products */ = {
			isa = PBXGroup;
			children = (
				63BC980524B90C4900AE1B28 /* Sketcher SUI.app */,
				63BC980D24B90C4900AE1B28 /* Sketcher SUI.app */,
			);
			name = Products;
			sourceTree = "<group>";
		};
		63BC980724B90C4900AE1B28 /* iOS */ = {
			isa = PBXGroup;
			children = (
				63BC980824B90C4900AE1B28 /* Info.plist */,
			);
			path = iOS;
			sourceTree = "<group>";
		};
		63BC980E24B90C4900AE1B28 /* macOS */ = {
			isa = PBXGroup;
			children = (
				63BC980F24B90C4900AE1B28 /* Info.plist */,
				63BC981024B90C4900AE1B28 /* macOS.entitlements */,
			);
			path = macOS;
			sourceTree = "<group>";
		};
		63BC981F24B90D0C00AE1B28 /* Resources */ = {
			isa = PBXGroup;
			children = (
				63BC982024B90D1400AE1B28 /* Fonts */,
				63BC980024B90C4900AE1B28 /* Assets.xcassets */,
				63BC984424B9F9ED00AE1B28 /* Preview Assets.xcassets */,
			);
			path = Resources;
			sourceTree = "<group>";
		};
		63BC982024B90D1400AE1B28 /* Fonts */ = {
			isa = PBXGroup;
			children = (
				63BC982224B90D6500AE1B28 /* Montserrat-Bold.ttf */,
				63BC982124B90D6500AE1B28 /* Montserrat-Medium.ttf */,
			);
			path = Fonts;
			sourceTree = "<group>";
		};
		63BC982B24B90E0000AE1B28 /* DesignSystem */ = {
			isa = PBXGroup;
			children = (
				63BC983D24B9DEEC00AE1B28 /* Design.swift */,
				63BC982C24B91ED000AE1B28 /* Fonts.swift */,
				63BC983424B9244000AE1B28 /* Colors.swift */,
				63BC983A24B9DE0E00AE1B28 /* SpacingLevel.swift */,
			);
			path = DesignSystem;
			sourceTree = "<group>";
		};
		63BC982F24B921E700AE1B28 /* MainScreen */ = {
			isa = PBXGroup;
			children = (
				63BC97FF24B90C4800AE1B28 /* MainScreen.swift */,
				63BC983124B9227800AE1B28 /* ProgressHeader.swift */,
				63BC983724B939A500AE1B28 /* MainScreenSection.swift */,
				63BC984124B9F3CF00AE1B28 /* SessionCell.swift */,
				63DBFF8524BA300C000E1FD5 /* RecomendedSessions.swift */,
				63DBFF9024BA4EBE000E1FD5 /* UserSessions.swift */,
				6304A3B424C103660093DF70 /* MainScreenContent.swift */,
			);
			path = MainScreen;
			sourceTree = "<group>";
		};
		63DBFF8824BA301B000E1FD5 /* Presentation */ = {
			isa = PBXGroup;
			children = (
				63BC97FE24B90C4800AE1B28 /* Sketcher.swift */,
				63DBFF9D24BA54C0000E1FD5 /* Common */,
				63BC982F24B921E700AE1B28 /* MainScreen */,
				63BC982B24B90E0000AE1B28 /* DesignSystem */,
			);
			path = Presentation;
			sourceTree = "<group>";
		};
		63DBFF8924BA3027000E1FD5 /* Domain */ = {
			isa = PBXGroup;
			children = (
				63DBFF8A24BA3039000E1FD5 /* Session.swift */,
				63DBFF8D24BA3201000E1FD5 /* RecomendedSession.swift */,
			);
			path = Domain;
			sourceTree = "<group>";
		};
		63DBFF9324BA5081000E1FD5 /* Mocks */ = {
			isa = PBXGroup;
			children = (
				63DBFF9724BA509C000E1FD5 /* Mocks.swift */,
				63DBFF9424BA508B000E1FD5 /* Sessions.swift */,
				63DBFF9A24BA50C6000E1FD5 /* Recomendations.swift */,
			);
			path = Mocks;
			sourceTree = "<group>";
		};
		63DBFF9D24BA54C0000E1FD5 /* Common */ = {
			isa = PBXGroup;
			children = (
				63DBFF9E24BA60E7000E1FD5 /* VisualEffect.swift */,
			);
			path = Common;
			sourceTree = "<group>";
		};
/* End PBXGroup section */

/* Begin PBXNativeTarget section */
		63BC980424B90C4900AE1B28 /* iOS */ = {
			isa = PBXNativeTarget;
			buildConfigurationList = 63BC981924B90C4900AE1B28 /* Build configuration list for PBXNativeTarget "iOS" */;
			buildPhases = (
				63BC980124B90C4900AE1B28 /* Sources */,
				63BC980224B90C4900AE1B28 /* Frameworks */,
				63BC980324B90C4900AE1B28 /* Resources */,
			);
			buildRules = (
			);
			dependencies = (
			);
			name = iOS;
			productName = iOS;
			productReference = 63BC980524B90C4900AE1B28 /* Sketcher SUI.app */;
			productType = "com.apple.product-type.application";
		};
		63BC980C24B90C4900AE1B28 /* macOS */ = {
			isa = PBXNativeTarget;
			buildConfigurationList = 63BC981C24B90C4900AE1B28 /* Build configuration list for PBXNativeTarget "macOS" */;
			buildPhases = (
				63BC980924B90C4900AE1B28 /* Sources */,
				63BC980A24B90C4900AE1B28 /* Frameworks */,
				63BC980B24B90C4900AE1B28 /* Resources */,
			);
			buildRules = (
			);
			dependencies = (
			);
			name = macOS;
			productName = macOS;
			productReference = 63BC980D24B90C4900AE1B28 /* Sketcher SUI.app */;
			productType = "com.apple.product-type.application";
		};
/* End PBXNativeTarget section */

/* Begin PBXProject section */
		63BC97F924B90C4800AE1B28 /* Project object */ = {
			isa = PBXProject;
			attributes = {
				LastSwiftUpdateCheck = 1200;
				LastUpgradeCheck = 1200;
				TargetAttributes = {
					63BC980424B90C4900AE1B28 = {
						CreatedOnToolsVersion = 12.0;
					};
					63BC980C24B90C4900AE1B28 = {
						CreatedOnToolsVersion = 12.0;
					};
				};
			};
			buildConfigurationList = 63BC97FC24B90C4800AE1B28 /* Build configuration list for PBXProject "Sketcher SUI" */;
			compatibilityVersion = "Xcode 9.3";
			developmentRegion = en;
			hasScannedForEncodings = 0;
			knownRegions = (
				en,
				Base,
			);
			mainGroup = 63BC97F824B90C4800AE1B28;
			productRefGroup = 63BC980624B90C4900AE1B28 /* Products */;
			projectDirPath = "";
			projectRoot = "";
			targets = (
				63BC980424B90C4900AE1B28 /* iOS */,
				63BC980C24B90C4900AE1B28 /* macOS */,
			);
		};
/* End PBXProject section */

/* Begin PBXResourcesBuildPhase section */
		63BC980324B90C4900AE1B28 /* Resources */ = {
			isa = PBXResourcesBuildPhase;
			buildActionMask = 2147483647;
			files = (
				63BC982724B90D7300AE1B28 /* Montserrat-Medium.ttf in Resources */,
				63BC981524B90C4900AE1B28 /* Assets.xcassets in Resources */,
				63BC982824B90D7300AE1B28 /* Montserrat-Bold.ttf in Resources */,
			);
			runOnlyForDeploymentPostprocessing = 0;
		};
		63BC980B24B90C4900AE1B28 /* Resources */ = {
			isa = PBXResourcesBuildPhase;
			buildActionMask = 2147483647;
			files = (
				63BC982924B90D7300AE1B28 /* Montserrat-Medium.ttf in Resources */,
				63BC981624B90C4900AE1B28 /* Assets.xcassets in Resources */,
				63BC982A24B90D7300AE1B28 /* Montserrat-Bold.ttf in Resources */,
			);
			runOnlyForDeploymentPostprocessing = 0;
		};
/* End PBXResourcesBuildPhase section */

/* Begin PBXSourcesBuildPhase section */
		63BC980124B90C4900AE1B28 /* Sources */ = {
			isa = PBXSourcesBuildPhase;
			buildActionMask = 2147483647;
			files = (
				63DBFF9F24BA60E7000E1FD5 /* VisualEffect.swift in Sources */,
				63BC983B24B9DE0E00AE1B28 /* SpacingLevel.swift in Sources */,
				63BC983E24B9DEEC00AE1B28 /* Design.swift in Sources */,
				63DBFF9524BA508B000E1FD5 /* Sessions.swift in Sources */,
				63BC981324B90C4900AE1B28 /* MainScreen.swift in Sources */,
				63BC983524B9244000AE1B28 /* Colors.swift in Sources */,
				63DBFF8E24BA3201000E1FD5 /* RecomendedSession.swift in Sources */,
				63BC983224B9227800AE1B28 /* ProgressHeader.swift in Sources */,
				63DBFF9124BA4EBE000E1FD5 /* UserSessions.swift in Sources */,
				63BC984224B9F3CF00AE1B28 /* SessionCell.swift in Sources */,
				6304A3B524C103660093DF70 /* MainScreenContent.swift in Sources */,
				63DBFF8624BA300C000E1FD5 /* RecomendedSessions.swift in Sources */,
				63DBFF9B24BA50C6000E1FD5 /* Recomendations.swift in Sources */,
				63DBFF8B24BA3039000E1FD5 /* Session.swift in Sources */,
				63BC982D24B91ED000AE1B28 /* Fonts.swift in Sources */,
				63BC981124B90C4900AE1B28 /* Sketcher.swift in Sources */,
				63BC983824B939A500AE1B28 /* MainScreenSection.swift in Sources */,
				63DBFF9824BA509C000E1FD5 /* Mocks.swift in Sources */,
			);
			runOnlyForDeploymentPostprocessing = 0;
		};
		63BC980924B90C4900AE1B28 /* Sources */ = {
			isa = PBXSourcesBuildPhase;
			buildActionMask = 2147483647;
			files = (
				63DBFFA024BA60E7000E1FD5 /* VisualEffect.swift in Sources */,
				63BC983C24B9DE0E00AE1B28 /* SpacingLevel.swift in Sources */,
				63BC983F24B9DEEC00AE1B28 /* Design.swift in Sources */,
				63DBFF9624BA508B000E1FD5 /* Sessions.swift in Sources */,
				63BC981424B90C4900AE1B28 /* MainScreen.swift in Sources */,
				63BC983624B9244000AE1B28 /* Colors.swift in Sources */,
				63DBFF8F24BA3201000E1FD5 /* RecomendedSession.swift in Sources */,
				63BC983324B9227800AE1B28 /* ProgressHeader.swift in Sources */,
				63DBFF9224BA4EBE000E1FD5 /* UserSessions.swift in Sources */,
				63BC984324B9F3CF00AE1B28 /* SessionCell.swift in Sources */,
				6304A3B624C103660093DF70 /* MainScreenContent.swift in Sources */,
				63DBFF8724BA300C000E1FD5 /* RecomendedSessions.swift in Sources */,
				63DBFF9C24BA50C6000E1FD5 /* Recomendations.swift in Sources */,
				63DBFF8C24BA3039000E1FD5 /* Session.swift in Sources */,
				63BC982E24B91ED000AE1B28 /* Fonts.swift in Sources */,
				63BC981224B90C4900AE1B28 /* Sketcher.swift in Sources */,
				63BC983924B939A500AE1B28 /* MainScreenSection.swift in Sources */,
				63DBFF9924BA509C000E1FD5 /* Mocks.swift in Sources */,
			);
			runOnlyForDeploymentPostprocessing = 0;
		};
/* End PBXSourcesBuildPhase section */

/* Begin XCBuildConfiguration section */
		63BC981724B90C4900AE1B28 /* Debug */ = {
			isa = XCBuildConfiguration;
			buildSettings = {
				ALWAYS_SEARCH_USER_PATHS = NO;
				CLANG_ANALYZER_NONNULL = YES;
				CLANG_ANALYZER_NUMBER_OBJECT_CONVERSION = YES_AGGRESSIVE;
				CLANG_CXX_LANGUAGE_STANDARD = "gnu++14";
				CLANG_CXX_LIBRARY = "libc++";
				CLANG_ENABLE_MODULES = YES;
				CLANG_ENABLE_OBJC_ARC = YES;
				CLANG_ENABLE_OBJC_WEAK = YES;
				CLANG_WARN_BLOCK_CAPTURE_AUTORELEASING = YES;
				CLANG_WARN_BOOL_CONVERSION = YES;
				CLANG_WARN_COMMA = YES;
				CLANG_WARN_CONSTANT_CONVERSION = YES;
				CLANG_WARN_DEPRECATED_OBJC_IMPLEMENTATIONS = YES;
				CLANG_WARN_DIRECT_OBJC_ISA_USAGE = YES_ERROR;
				CLANG_WARN_DOCUMENTATION_COMMENTS = YES;
				CLANG_WARN_EMPTY_BODY = YES;
				CLANG_WARN_ENUM_CONVERSION = YES;
				CLANG_WARN_INFINITE_RECURSION = YES;
				CLANG_WARN_INT_CONVERSION = YES;
				CLANG_WARN_NON_LITERAL_NULL_CONVERSION = YES;
				CLANG_WARN_OBJC_IMPLICIT_RETAIN_SELF = YES;
				CLANG_WARN_OBJC_LITERAL_CONVERSION = YES;
				CLANG_WARN_OBJC_ROOT_CLASS = YES_ERROR;
				CLANG_WARN_QUOTED_INCLUDE_IN_FRAMEWORK_HEADER = YES;
				CLANG_WARN_RANGE_LOOP_ANALYSIS = YES;
				CLANG_WARN_STRICT_PROTOTYPES = YES;
				CLANG_WARN_SUSPICIOUS_MOVE = YES;
				CLANG_WARN_UNGUARDED_AVAILABILITY = YES_AGGRESSIVE;
				CLANG_WARN_UNREACHABLE_CODE = YES;
				CLANG_WARN__DUPLICATE_METHOD_MATCH = YES;
				COPY_PHASE_STRIP = NO;
				DEBUG_INFORMATION_FORMAT = dwarf;
				ENABLE_STRICT_OBJC_MSGSEND = YES;
				ENABLE_TESTABILITY = YES;
				GCC_C_LANGUAGE_STANDARD = gnu11;
				GCC_DYNAMIC_NO_PIC = NO;
				GCC_NO_COMMON_BLOCKS = YES;
				GCC_OPTIMIZATION_LEVEL = 0;
				GCC_PREPROCESSOR_DEFINITIONS = (
					"DEBUG=1",
					"$(inherited)",
				);
				GCC_WARN_64_TO_32_BIT_CONVERSION = YES;
				GCC_WARN_ABOUT_RETURN_TYPE = YES_ERROR;
				GCC_WARN_UNDECLARED_SELECTOR = YES;
				GCC_WARN_UNINITIALIZED_AUTOS = YES_AGGRESSIVE;
				GCC_WARN_UNUSED_FUNCTION = YES;
				GCC_WARN_UNUSED_VARIABLE = YES;
				MTL_ENABLE_DEBUG_INFO = INCLUDE_SOURCE;
				MTL_FAST_MATH = YES;
				ONLY_ACTIVE_ARCH = YES;
				SWIFT_ACTIVE_COMPILATION_CONDITIONS = DEBUG;
				SWIFT_OPTIMIZATION_LEVEL = "-Onone";
			};
			name = Debug;
		};
		63BC981824B90C4900AE1B28 /* Release */ = {
			isa = XCBuildConfiguration;
			buildSettings = {
				ALWAYS_SEARCH_USER_PATHS = NO;
				CLANG_ANALYZER_NONNULL = YES;
				CLANG_ANALYZER_NUMBER_OBJECT_CONVERSION = YES_AGGRESSIVE;
				CLANG_CXX_LANGUAGE_STANDARD = "gnu++14";
				CLANG_CXX_LIBRARY = "libc++";
				CLANG_ENABLE_MODULES = YES;
				CLANG_ENABLE_OBJC_ARC = YES;
				CLANG_ENABLE_OBJC_WEAK = YES;
				CLANG_WARN_BLOCK_CAPTURE_AUTORELEASING = YES;
				CLANG_WARN_BOOL_CONVERSION = YES;
				CLANG_WARN_COMMA = YES;
				CLANG_WARN_CONSTANT_CONVERSION = YES;
				CLANG_WARN_DEPRECATED_OBJC_IMPLEMENTATIONS = YES;
				CLANG_WARN_DIRECT_OBJC_ISA_USAGE = YES_ERROR;
				CLANG_WARN_DOCUMENTATION_COMMENTS = YES;
				CLANG_WARN_EMPTY_BODY = YES;
				CLANG_WARN_ENUM_CONVERSION = YES;
				CLANG_WARN_INFINITE_RECURSION = YES;
				CLANG_WARN_INT_CONVERSION = YES;
				CLANG_WARN_NON_LITERAL_NULL_CONVERSION = YES;
				CLANG_WARN_OBJC_IMPLICIT_RETAIN_SELF = YES;
				CLANG_WARN_OBJC_LITERAL_CONVERSION = YES;
				CLANG_WARN_OBJC_ROOT_CLASS = YES_ERROR;
				CLANG_WARN_QUOTED_INCLUDE_IN_FRAMEWORK_HEADER = YES;
				CLANG_WARN_RANGE_LOOP_ANALYSIS = YES;
				CLANG_WARN_STRICT_PROTOTYPES = YES;
				CLANG_WARN_SUSPICIOUS_MOVE = YES;
				CLANG_WARN_UNGUARDED_AVAILABILITY = YES_AGGRESSIVE;
				CLANG_WARN_UNREACHABLE_CODE = YES;
				CLANG_WARN__DUPLICATE_METHOD_MATCH = YES;
				COPY_PHASE_STRIP = NO;
				DEBUG_INFORMATION_FORMAT = "dwarf-with-dsym";
				ENABLE_NS_ASSERTIONS = NO;
				ENABLE_STRICT_OBJC_MSGSEND = YES;
				GCC_C_LANGUAGE_STANDARD = gnu11;
				GCC_NO_COMMON_BLOCKS = YES;
				GCC_WARN_64_TO_32_BIT_CONVERSION = YES;
				GCC_WARN_ABOUT_RETURN_TYPE = YES_ERROR;
				GCC_WARN_UNDECLARED_SELECTOR = YES;
				GCC_WARN_UNINITIALIZED_AUTOS = YES_AGGRESSIVE;
				GCC_WARN_UNUSED_FUNCTION = YES;
				GCC_WARN_UNUSED_VARIABLE = YES;
				MTL_ENABLE_DEBUG_INFO = NO;
				MTL_FAST_MATH = YES;
				SWIFT_COMPILATION_MODE = wholemodule;
				SWIFT_OPTIMIZATION_LEVEL = "-O";
			};
			name = Release;
		};
		63BC981A24B90C4900AE1B28 /* Debug */ = {
			isa = XCBuildConfiguration;
			buildSettings = {
				ASSETCATALOG_COMPILER_APPICON_NAME = AppIcon;
				ASSETCATALOG_COMPILER_GLOBAL_ACCENT_COLOR_NAME = AccentColor;
				CODE_SIGN_STYLE = Automatic;
				DEVELOPMENT_TEAM = SKRU67QKG5;
				ENABLE_PREVIEWS = YES;
				INFOPLIST_FILE = iOS/Info.plist;
				LD_RUNPATH_SEARCH_PATHS = (
					"$(inherited)",
					"@executable_path/Frameworks",
				);
				PRODUCT_BUNDLE_IDENTIFIER = "me.shedward.sketcher.swiftUITrial.Sketcher-SUI";
				PRODUCT_NAME = "Sketcher SUI";
				SDKROOT = iphoneos;
				SWIFT_VERSION = 5.0;
				TARGETED_DEVICE_FAMILY = "1,2";
			};
			name = Debug;
		};
		63BC981B24B90C4900AE1B28 /* Release */ = {
			isa = XCBuildConfiguration;
			buildSettings = {
				ASSETCATALOG_COMPILER_APPICON_NAME = AppIcon;
				ASSETCATALOG_COMPILER_GLOBAL_ACCENT_COLOR_NAME = AccentColor;
				CODE_SIGN_STYLE = Automatic;
				DEVELOPMENT_TEAM = SKRU67QKG5;
				ENABLE_PREVIEWS = YES;
				INFOPLIST_FILE = iOS/Info.plist;
				LD_RUNPATH_SEARCH_PATHS = (
					"$(inherited)",
					"@executable_path/Frameworks",
				);
				PRODUCT_BUNDLE_IDENTIFIER = "me.shedward.sketcher.swiftUITrial.Sketcher-SUI";
				PRODUCT_NAME = "Sketcher SUI";
				SDKROOT = iphoneos;
				SWIFT_VERSION = 5.0;
				TARGETED_DEVICE_FAMILY = "1,2";
				VALIDATE_PRODUCT = YES;
			};
			name = Release;
		};
		63BC981D24B90C4900AE1B28 /* Debug */ = {
			isa = XCBuildConfiguration;
			buildSettings = {
				ASSETCATALOG_COMPILER_APPICON_NAME = AppIcon;
				ASSETCATALOG_COMPILER_GLOBAL_ACCENT_COLOR_NAME = AccentColor;
				CODE_SIGN_ENTITLEMENTS = macOS/macOS.entitlements;
				CODE_SIGN_STYLE = Automatic;
				COMBINE_HIDPI_IMAGES = YES;
				DEVELOPMENT_TEAM = SKRU67QKG5;
				ENABLE_HARDENED_RUNTIME = YES;
				ENABLE_PREVIEWS = YES;
				INFOPLIST_FILE = macOS/Info.plist;
				LD_RUNPATH_SEARCH_PATHS = (
					"$(inherited)",
					"@executable_path/../Frameworks",
				);
				MACOSX_DEPLOYMENT_TARGET = 10.16;
				PRODUCT_BUNDLE_IDENTIFIER = "me.shedward.sketcher.swiftUITrial.Sketcher-SUI";
				PRODUCT_NAME = "Sketcher SUI";
				SDKROOT = macosx;
				SWIFT_VERSION = 5.0;
			};
			name = Debug;
		};
		63BC981E24B90C4900AE1B28 /* Release */ = {
			isa = XCBuildConfiguration;
			buildSettings = {
				ASSETCATALOG_COMPILER_APPICON_NAME = AppIcon;
				ASSETCATALOG_COMPILER_GLOBAL_ACCENT_COLOR_NAME = AccentColor;
				CODE_SIGN_ENTITLEMENTS = macOS/macOS.entitlements;
				CODE_SIGN_STYLE = Automatic;
				COMBINE_HIDPI_IMAGES = YES;
				DEVELOPMENT_TEAM = SKRU67QKG5;
				ENABLE_HARDENED_RUNTIME = YES;
				ENABLE_PREVIEWS = YES;
				INFOPLIST_FILE = macOS/Info.plist;
				LD_RUNPATH_SEARCH_PATHS = (
					"$(inherited)",
					"@executable_path/../Frameworks",
				);
				MACOSX_DEPLOYMENT_TARGET = 10.16;
				PRODUCT_BUNDLE_IDENTIFIER = "me.shedward.sketcher.swiftUITrial.Sketcher-SUI";
				PRODUCT_NAME = "Sketcher SUI";
				SDKROOT = macosx;
				SWIFT_VERSION = 5.0;
			};
			name = Release;
		};
/* End XCBuildConfiguration section */

/* Begin XCConfigurationList section */
		63BC97FC24B90C4800AE1B28 /* Build configuration list for PBXProject "Sketcher SUI" */ = {
			isa = XCConfigurationList;
			buildConfigurations = (
				63BC981724B90C4900AE1B28 /* Debug */,
				63BC981824B90C4900AE1B28 /* Release */,
			);
			defaultConfigurationIsVisible = 0;
			defaultConfigurationName = Release;
		};
		63BC981924B90C4900AE1B28 /* Build configuration list for PBXNativeTarget "iOS" */ = {
			isa = XCConfigurationList;
			buildConfigurations = (
				63BC981A24B90C4900AE1B28 /* Debug */,
				63BC981B24B90C4900AE1B28 /* Release */,
			);
			defaultConfigurationIsVisible = 0;
			defaultConfigurationName = Release;
		};
		63BC981C24B90C4900AE1B28 /* Build configuration list for PBXNativeTarget "macOS" */ = {
			isa = XCConfigurationList;
			buildConfigurations = (
				63BC981D24B90C4900AE1B28 /* Debug */,
				63BC981E24B90C4900AE1B28 /* Release */,
			);
			defaultConfigurationIsVisible = 0;
			defaultConfigurationName = Release;
		};
/* End XCConfigurationList section */
	};
	rootObject = 63BC97F924B90C4800AE1B28 /* Project object */;
}
