// !$*UTF8*$!
{
	archiveVersion = 1;
	classes = {
	};
	objectVersion = 50;
	objects = {

/* Begin PBXBuildFile section */
		6304A3B524C103660093DF70 /* MainScreenContentView.swift in Sources */ = {isa = PBXBuildFile; fileRef = 6304A3B424C103660093DF70 /* MainScreenContentView.swift */; };
		6304A3B624C103660093DF70 /* MainScreenContentView.swift in Sources */ = {isa = PBXBuildFile; fileRef = 6304A3B424C103660093DF70 /* MainScreenContentView.swift */; };
		6308516D253791E30059E5EF /* SourcesListView.swift in Sources */ = {isa = PBXBuildFile; fileRef = 6308516C253791E30059E5EF /* SourcesListView.swift */; };
		630B559725A5FB9300E62364 /* ViewFactory.swift in Sources */ = {isa = PBXBuildFile; fileRef = 630B559625A5FB9300E62364 /* ViewFactory.swift */; };
		630B559D25A5FC5300E62364 /* ViewFactory+MainScreen.swift in Sources */ = {isa = PBXBuildFile; fileRef = 630B559C25A5FC5300E62364 /* ViewFactory+MainScreen.swift */; };
		630B55A825A615EF00E62364 /* ViewFactory+Settings.swift in Sources */ = {isa = PBXBuildFile; fileRef = 630B55A725A615EF00E62364 /* ViewFactory+Settings.swift */; };
		630B55B025A618C500E62364 /* ViewFactory+Session.swift in Sources */ = {isa = PBXBuildFile; fileRef = 630B55AF25A618C500E62364 /* ViewFactory+Session.swift */; };
		630B55B825A61A1D00E62364 /* ViewFactory+SessionStart.swift in Sources */ = {isa = PBXBuildFile; fileRef = 630B55B725A61A1D00E62364 /* ViewFactory+SessionStart.swift */; };
		630B55C925A61C0800E62364 /* ViewFactory+NewSession.swift in Sources */ = {isa = PBXBuildFile; fileRef = 630B55C825A61C0800E62364 /* ViewFactory+NewSession.swift */; };
		630B55D025A61CA800E62364 /* ViewFactory+SourcesList.swift in Sources */ = {isa = PBXBuildFile; fileRef = 630B55CF25A61CA800E62364 /* ViewFactory+SourcesList.swift */; };
		630B55DA25A61E7800E62364 /* ViewFactory+NewSourceFast.swift in Sources */ = {isa = PBXBuildFile; fileRef = 630B55D925A61E7800E62364 /* ViewFactory+NewSourceFast.swift */; };
		630B55DF25A61F3700E62364 /* ViewFactory+SourceTypeSelector.swift in Sources */ = {isa = PBXBuildFile; fileRef = 630B55DE25A61F3700E62364 /* ViewFactory+SourceTypeSelector.swift */; };
		630B55E425A6282900E62364 /* ViewFactoryEnvironment.swift in Sources */ = {isa = PBXBuildFile; fileRef = 630B55E325A6282900E62364 /* ViewFactoryEnvironment.swift */; };
		631AC30E254DF4A3003EEA4F /* SourceGalleryView.swift in Sources */ = {isa = PBXBuildFile; fileRef = 631AC30D254DF4A3003EEA4F /* SourceGalleryView.swift */; };
		631AC312254DF98C003EEA4F /* SourceCell.swift in Sources */ = {isa = PBXBuildFile; fileRef = 631AC311254DF98C003EEA4F /* SourceCell.swift */; };
		631AC316254DF9AA003EEA4F /* Source.swift in Sources */ = {isa = PBXBuildFile; fileRef = 631AC315254DF9AA003EEA4F /* Source.swift */; };
		631AC31A254DFA78003EEA4F /* Sources.swift in Sources */ = {isa = PBXBuildFile; fileRef = 631AC319254DFA78003EEA4F /* Sources.swift */; };
		631AC324254DFBEF003EEA4F /* AuthorView.swift in Sources */ = {isa = PBXBuildFile; fileRef = 631AC323254DFBEF003EEA4F /* AuthorView.swift */; };
		6322206125A66D41005C8C8E /* SessionsRepository.swift in Sources */ = {isa = PBXBuildFile; fileRef = 6322206025A66D41005C8C8E /* SessionsRepository.swift */; };
		6322206725A66DF8005C8C8E /* InMemorySessionsRepository.swift in Sources */ = {isa = PBXBuildFile; fileRef = 6322206625A66DF8005C8C8E /* InMemorySessionsRepository.swift */; };
		6322206D25A66EE4005C8C8E /* SourcesRepository.swift in Sources */ = {isa = PBXBuildFile; fileRef = 6322206C25A66EE4005C8C8E /* SourcesRepository.swift */; };
		6322207125A66F1C005C8C8E /* InMemorySourcesRepository.swift in Sources */ = {isa = PBXBuildFile; fileRef = 6322207025A66F1C005C8C8E /* InMemorySourcesRepository.swift */; };
		6322208225A67298005C8C8E /* RepositoriesDependencies.swift in Sources */ = {isa = PBXBuildFile; fileRef = 6322208125A67298005C8C8E /* RepositoriesDependencies.swift */; };
		6322208A25A67391005C8C8E /* AllDependencies.swift in Sources */ = {isa = PBXBuildFile; fileRef = 6322208925A67391005C8C8E /* AllDependencies.swift */; };
		6322209125A673D0005C8C8E /* MockDependencies.swift in Sources */ = {isa = PBXBuildFile; fileRef = 6322209025A673D0005C8C8E /* MockDependencies.swift */; };
		6322209825A674F9005C8C8E /* ProgressRepository.swift in Sources */ = {isa = PBXBuildFile; fileRef = 6322209725A674F9005C8C8E /* ProgressRepository.swift */; };
		6322209C25A675ED005C8C8E /* MockProgressRepository.swift in Sources */ = {isa = PBXBuildFile; fileRef = 6322209B25A675ED005C8C8E /* MockProgressRepository.swift */; };
		632220A325A67E8D005C8C8E /* MainScreenContentViewModel.swift in Sources */ = {isa = PBXBuildFile; fileRef = 632220A225A67E8D005C8C8E /* MainScreenContentViewModel.swift */; };
		632220A825A67F32005C8C8E /* MainScreenContentViewModel.swift in Sources */ = {isa = PBXBuildFile; fileRef = 632220A225A67E8D005C8C8E /* MainScreenContentViewModel.swift */; };
		632220B025A684B0005C8C8E /* ViewFactory+MainScreenContent.swift in Sources */ = {isa = PBXBuildFile; fileRef = 632220AF25A684B0005C8C8E /* ViewFactory+MainScreenContent.swift */; };
		632220B725A686BD005C8C8E /* ProgressHeaderViewModel.swift in Sources */ = {isa = PBXBuildFile; fileRef = 632220B625A686BD005C8C8E /* ProgressHeaderViewModel.swift */; };
		632220C025A68B81005C8C8E /* ProgressElementView.swift in Sources */ = {isa = PBXBuildFile; fileRef = 632220BF25A68B81005C8C8E /* ProgressElementView.swift */; };
		632220C625A68C5E005C8C8E /* ViewFactory+ProgressHeader.swift in Sources */ = {isa = PBXBuildFile; fileRef = 632220C525A68C5E005C8C8E /* ViewFactory+ProgressHeader.swift */; };
		632220C925A68C62005C8C8E /* ViewFactory+ProgressHeader.swift in Sources */ = {isa = PBXBuildFile; fileRef = 632220C525A68C5E005C8C8E /* ViewFactory+ProgressHeader.swift */; };
		6329EC5924C1F38D00DA831E /* ProgressHeaderView.swift in Sources */ = {isa = PBXBuildFile; fileRef = 6329EC5824C1F38D00DA831E /* ProgressHeaderView.swift */; };
		6329EC5A24C1F38D00DA831E /* ProgressHeaderView.swift in Sources */ = {isa = PBXBuildFile; fileRef = 6329EC5824C1F38D00DA831E /* ProgressHeaderView.swift */; };
		6329EC5C24C1F53500DA831E /* ProgressItem.swift in Sources */ = {isa = PBXBuildFile; fileRef = 6329EC5B24C1F53500DA831E /* ProgressItem.swift */; };
		6329EC5D24C1F53500DA831E /* ProgressItem.swift in Sources */ = {isa = PBXBuildFile; fileRef = 6329EC5B24C1F53500DA831E /* ProgressItem.swift */; };
		6329EC5F24C1F5F700DA831E /* ProgressItems.swift in Sources */ = {isa = PBXBuildFile; fileRef = 6329EC5E24C1F5F700DA831E /* ProgressItems.swift */; };
		6329EC6024C1F5F700DA831E /* ProgressItems.swift in Sources */ = {isa = PBXBuildFile; fileRef = 6329EC5E24C1F5F700DA831E /* ProgressItems.swift */; };
		633EADF824CE0024007D63AE /* SessionPropertyView.swift in Sources */ = {isa = PBXBuildFile; fileRef = 633EADF724CE0024007D63AE /* SessionPropertyView.swift */; };
		633EADFA24CE0157007D63AE /* SessionProperites.swift in Sources */ = {isa = PBXBuildFile; fileRef = 633EADF924CE0157007D63AE /* SessionProperites.swift */; };
		633EADFD24CE0445007D63AE /* Localised.swift in Sources */ = {isa = PBXBuildFile; fileRef = 633EADFC24CE0445007D63AE /* Localised.swift */; };
		634C2529257D8CBC00E0A63E /* NavigationBar.swift in Sources */ = {isa = PBXBuildFile; fileRef = 634C2528257D8CBC00E0A63E /* NavigationBar.swift */; };
		634C252A257D8CBC00E0A63E /* NavigationBar.swift in Sources */ = {isa = PBXBuildFile; fileRef = 634C2528257D8CBC00E0A63E /* NavigationBar.swift */; };
		634C252F257D947700E0A63E /* SourceTypeSectionView.swift in Sources */ = {isa = PBXBuildFile; fileRef = 634C252E257D947700E0A63E /* SourceTypeSectionView.swift */; };
		634C2530257D947700E0A63E /* SourceTypeSectionView.swift in Sources */ = {isa = PBXBuildFile; fileRef = 634C252E257D947700E0A63E /* SourceTypeSectionView.swift */; };
		6355514124F9A4DD00157FD5 /* AsyncImage.swift in Sources */ = {isa = PBXBuildFile; fileRef = 6355514024F9A4DD00157FD5 /* AsyncImage.swift */; };
		6355514424F9A66000157FD5 /* StaticAsyncImage.swift in Sources */ = {isa = PBXBuildFile; fileRef = 6355514324F9A66000157FD5 /* StaticAsyncImage.swift */; };
		635C1FC424D0CDAB00DA1CD0 /* BlurredMaterial.swift in Sources */ = {isa = PBXBuildFile; fileRef = 635C1FC324D0CDAB00DA1CD0 /* BlurredMaterial.swift */; };
		635C1FC524D0CDAB00DA1CD0 /* BlurredMaterial.swift in Sources */ = {isa = PBXBuildFile; fileRef = 635C1FC324D0CDAB00DA1CD0 /* BlurredMaterial.swift */; };
		635C1FC724D0D28C00DA1CD0 /* BadgeView.swift in Sources */ = {isa = PBXBuildFile; fileRef = 635C1FC624D0D28C00DA1CD0 /* BadgeView.swift */; };
		635C1FCA24D0D2AC00DA1CD0 /* SessionProgressView.swift in Sources */ = {isa = PBXBuildFile; fileRef = 635C1FC924D0D2AC00DA1CD0 /* SessionProgressView.swift */; };
		637CE7322529EB700002B061 /* SourceType.swift in Sources */ = {isa = PBXBuildFile; fileRef = 637CE7312529EB700002B061 /* SourceType.swift */; };
		637CE7362529F1220002B061 /* SettingsView.swift in Sources */ = {isa = PBXBuildFile; fileRef = 637CE7352529F1220002B061 /* SettingsView.swift */; };
		637E771824D74F420033467E /* NewSourceFastView.swift in Sources */ = {isa = PBXBuildFile; fileRef = 637E771724D74F420033467E /* NewSourceFastView.swift */; };
		637E771A24D750BE0033467E /* NewSource.swift in Sources */ = {isa = PBXBuildFile; fileRef = 637E771924D750BE0033467E /* NewSource.swift */; };
		637E771D24D75E4A0033467E /* NewSources.swift in Sources */ = {isa = PBXBuildFile; fileRef = 637E771C24D75E4A0033467E /* NewSources.swift */; };
		638D77FF25A7A96E0065D19A /* RecommendedSessionsViewModel.swift in Sources */ = {isa = PBXBuildFile; fileRef = 638D77FE25A7A96E0065D19A /* RecommendedSessionsViewModel.swift */; };
		638D780025A7A96E0065D19A /* RecommendedSessionsViewModel.swift in Sources */ = {isa = PBXBuildFile; fileRef = 638D77FE25A7A96E0065D19A /* RecommendedSessionsViewModel.swift */; };
		638D780625A7AB530065D19A /* ViewFactory+RecommendedSession.swift in Sources */ = {isa = PBXBuildFile; fileRef = 638D780525A7AB530065D19A /* ViewFactory+RecommendedSession.swift */; };
		638D780725A7AB530065D19A /* ViewFactory+RecommendedSession.swift in Sources */ = {isa = PBXBuildFile; fileRef = 638D780525A7AB530065D19A /* ViewFactory+RecommendedSession.swift */; };
		638DD09A24C9923900630DAB /* FixedSpacer.swift in Sources */ = {isa = PBXBuildFile; fileRef = 638DD09924C9923900630DAB /* FixedSpacer.swift */; };
		638DD09B24C9923900630DAB /* FixedSpacer.swift in Sources */ = {isa = PBXBuildFile; fileRef = 638DD09924C9923900630DAB /* FixedSpacer.swift */; };
		63963E4724C51F9300AE93D5 /* NewSessionView.swift in Sources */ = {isa = PBXBuildFile; fileRef = 63963E4624C51F9300AE93D5 /* NewSessionView.swift */; };
		63963E4A24C521BD00AE93D5 /* SessionView.swift in Sources */ = {isa = PBXBuildFile; fileRef = 63963E4924C521BD00AE93D5 /* SessionView.swift */; };
		63963E4C24C52B1A00AE93D5 /* SessionGalleryView.swift in Sources */ = {isa = PBXBuildFile; fileRef = 63963E4B24C52B1A00AE93D5 /* SessionGalleryView.swift */; };
		63963E4E24C5BA1400AE93D5 /* FormSection.swift in Sources */ = {isa = PBXBuildFile; fileRef = 63963E4D24C5BA1400AE93D5 /* FormSection.swift */; };
		63963E5024C5BD6B00AE93D5 /* FormFieldsGroup.swift in Sources */ = {isa = PBXBuildFile; fileRef = 63963E4F24C5BD6B00AE93D5 /* FormFieldsGroup.swift */; };
		63963E5224C61CB100AE93D5 /* CornerRadiusStyle.swift in Sources */ = {isa = PBXBuildFile; fileRef = 63963E5124C61CB100AE93D5 /* CornerRadiusStyle.swift */; };
		639AF34624FBDE940020A26F /* LoadingImage.swift in Sources */ = {isa = PBXBuildFile; fileRef = 639AF34524FBDE940020A26F /* LoadingImage.swift */; };
		639AF34724FBDE940020A26F /* LoadingImage.swift in Sources */ = {isa = PBXBuildFile; fileRef = 639AF34524FBDE940020A26F /* LoadingImage.swift */; };
		639AF34D24FBE9C40020A26F /* MockAsyncImage.swift in Sources */ = {isa = PBXBuildFile; fileRef = 639AF34C24FBE9C40020A26F /* MockAsyncImage.swift */; };
		639AF34E24FBE9C40020A26F /* MockAsyncImage.swift in Sources */ = {isa = PBXBuildFile; fileRef = 639AF34C24FBE9C40020A26F /* MockAsyncImage.swift */; };
		639B71C424CDB80D00FA5141 /* Images.swift in Sources */ = {isa = PBXBuildFile; fileRef = 639B71C324CDB80D00FA5141 /* Images.swift */; };
		639B71C524CDC07800FA5141 /* MockAssets.xcassets in Resources */ = {isa = PBXBuildFile; fileRef = 63BC984424B9F9ED00AE1B28 /* MockAssets.xcassets */; };
		639B71C924CDCA6000FA5141 /* SessionStartView.swift in Sources */ = {isa = PBXBuildFile; fileRef = 639B71C824CDCA6000FA5141 /* SessionStartView.swift */; };
		639D80B8252925740062CB83 /* SourceTypeSelectorView.swift in Sources */ = {isa = PBXBuildFile; fileRef = 639D80B7252925740062CB83 /* SourceTypeSelectorView.swift */; };
		63B0EE0825A9DB00006FB7AB /* Mock+String.swift in Sources */ = {isa = PBXBuildFile; fileRef = 63B0EE0725A9DB00006FB7AB /* Mock+String.swift */; };
		63B9FD2B258502ED00CCC7BA /* SourceTypeCell.swift in Sources */ = {isa = PBXBuildFile; fileRef = 63B9FD2A258502ED00CCC7BA /* SourceTypeCell.swift */; };
		63BC981124B90C4900AE1B28 /* Sketcher.swift in Sources */ = {isa = PBXBuildFile; fileRef = 63BC97FE24B90C4800AE1B28 /* Sketcher.swift */; };
		63BC981224B90C4900AE1B28 /* Sketcher.swift in Sources */ = {isa = PBXBuildFile; fileRef = 63BC97FE24B90C4800AE1B28 /* Sketcher.swift */; };
		63BC981324B90C4900AE1B28 /* MainScreenView.swift in Sources */ = {isa = PBXBuildFile; fileRef = 63BC97FF24B90C4800AE1B28 /* MainScreenView.swift */; };
		63BC981524B90C4900AE1B28 /* Assets.xcassets in Resources */ = {isa = PBXBuildFile; fileRef = 63BC980024B90C4900AE1B28 /* Assets.xcassets */; };
		63BC981624B90C4900AE1B28 /* Assets.xcassets in Resources */ = {isa = PBXBuildFile; fileRef = 63BC980024B90C4900AE1B28 /* Assets.xcassets */; };
		63BC982724B90D7300AE1B28 /* Montserrat-Medium.ttf in Resources */ = {isa = PBXBuildFile; fileRef = 63BC982124B90D6500AE1B28 /* Montserrat-Medium.ttf */; };
		63BC982824B90D7300AE1B28 /* Montserrat-Bold.ttf in Resources */ = {isa = PBXBuildFile; fileRef = 63BC982224B90D6500AE1B28 /* Montserrat-Bold.ttf */; };
		63BC982924B90D7300AE1B28 /* Montserrat-Medium.ttf in Resources */ = {isa = PBXBuildFile; fileRef = 63BC982124B90D6500AE1B28 /* Montserrat-Medium.ttf */; };
		63BC982A24B90D7300AE1B28 /* Montserrat-Bold.ttf in Resources */ = {isa = PBXBuildFile; fileRef = 63BC982224B90D6500AE1B28 /* Montserrat-Bold.ttf */; };
		63BC982D24B91ED000AE1B28 /* Fonts.swift in Sources */ = {isa = PBXBuildFile; fileRef = 63BC982C24B91ED000AE1B28 /* Fonts.swift */; };
		63BC982E24B91ED000AE1B28 /* Fonts.swift in Sources */ = {isa = PBXBuildFile; fileRef = 63BC982C24B91ED000AE1B28 /* Fonts.swift */; };
		63BC983224B9227800AE1B28 /* SetupProgressHeaderView.swift in Sources */ = {isa = PBXBuildFile; fileRef = 63BC983124B9227800AE1B28 /* SetupProgressHeaderView.swift */; };
		63BC983324B9227800AE1B28 /* SetupProgressHeaderView.swift in Sources */ = {isa = PBXBuildFile; fileRef = 63BC983124B9227800AE1B28 /* SetupProgressHeaderView.swift */; };
		63BC983524B9244000AE1B28 /* Colors.swift in Sources */ = {isa = PBXBuildFile; fileRef = 63BC983424B9244000AE1B28 /* Colors.swift */; };
		63BC983624B9244000AE1B28 /* Colors.swift in Sources */ = {isa = PBXBuildFile; fileRef = 63BC983424B9244000AE1B28 /* Colors.swift */; };
		63BC983824B939A500AE1B28 /* MainScreenSectionView.swift in Sources */ = {isa = PBXBuildFile; fileRef = 63BC983724B939A500AE1B28 /* MainScreenSectionView.swift */; };
		63BC983B24B9DE0E00AE1B28 /* SpacingLevel.swift in Sources */ = {isa = PBXBuildFile; fileRef = 63BC983A24B9DE0E00AE1B28 /* SpacingLevel.swift */; };
		63BC983C24B9DE0E00AE1B28 /* SpacingLevel.swift in Sources */ = {isa = PBXBuildFile; fileRef = 63BC983A24B9DE0E00AE1B28 /* SpacingLevel.swift */; };
		63BC983E24B9DEEC00AE1B28 /* Design.swift in Sources */ = {isa = PBXBuildFile; fileRef = 63BC983D24B9DEEC00AE1B28 /* Design.swift */; };
		63BC983F24B9DEEC00AE1B28 /* Design.swift in Sources */ = {isa = PBXBuildFile; fileRef = 63BC983D24B9DEEC00AE1B28 /* Design.swift */; };
		63BC984224B9F3CF00AE1B28 /* SessionCell.swift in Sources */ = {isa = PBXBuildFile; fileRef = 63BC984124B9F3CF00AE1B28 /* SessionCell.swift */; };
		63BC984324B9F3CF00AE1B28 /* SessionCell.swift in Sources */ = {isa = PBXBuildFile; fileRef = 63BC984124B9F3CF00AE1B28 /* SessionCell.swift */; };
		63CA615724CCA2D8008D5A00 /* FixedSizeGeometryReader.swift in Sources */ = {isa = PBXBuildFile; fileRef = 63CA615624CCA2D8008D5A00 /* FixedSizeGeometryReader.swift */; };
		63CA615824CCA2D8008D5A00 /* FixedSizeGeometryReader.swift in Sources */ = {isa = PBXBuildFile; fileRef = 63CA615624CCA2D8008D5A00 /* FixedSizeGeometryReader.swift */; };
		63D9686B24C65FA700DA4B7A /* FormValueFieldView.swift in Sources */ = {isa = PBXBuildFile; fileRef = 63D9686A24C65FA700DA4B7A /* FormValueFieldView.swift */; };
		63D9686D24C71B7700DA4B7A /* FormButtonFieldView.swift in Sources */ = {isa = PBXBuildFile; fileRef = 63D9686C24C71B7700DA4B7A /* FormButtonFieldView.swift */; };
		63D9686F24C71D8B00DA4B7A /* FormTextFieldView.swift in Sources */ = {isa = PBXBuildFile; fileRef = 63D9686E24C71D8B00DA4B7A /* FormTextFieldView.swift */; };
		63D9687124C72D8C00DA4B7A /* NewSession.swift in Sources */ = {isa = PBXBuildFile; fileRef = 63D9687024C72D8C00DA4B7A /* NewSession.swift */; };
		63D9687324C72F8A00DA4B7A /* NewSessions.swift in Sources */ = {isa = PBXBuildFile; fileRef = 63D9687224C72F8A00DA4B7A /* NewSessions.swift */; };
		63D9687524C8444400DA4B7A /* TagsEditorView.swift in Sources */ = {isa = PBXBuildFile; fileRef = 63D9687424C8444400DA4B7A /* TagsEditorView.swift */; };
		63D9687724C8750E00DA4B7A /* Montserrat-SemiBold.ttf in Resources */ = {isa = PBXBuildFile; fileRef = 63D9687624C8750E00DA4B7A /* Montserrat-SemiBold.ttf */; };
		63D9687824C8750E00DA4B7A /* Montserrat-SemiBold.ttf in Resources */ = {isa = PBXBuildFile; fileRef = 63D9687624C8750E00DA4B7A /* Montserrat-SemiBold.ttf */; };
		63D9687A24C8BC7400DA4B7A /* ActionButton.swift in Sources */ = {isa = PBXBuildFile; fileRef = 63D9687924C8BC7400DA4B7A /* ActionButton.swift */; };
		63D9687B24C8BC7400DA4B7A /* ActionButton.swift in Sources */ = {isa = PBXBuildFile; fileRef = 63D9687924C8BC7400DA4B7A /* ActionButton.swift */; };
		63DBFF8624BA300C000E1FD5 /* RecommendedSessionsView.swift in Sources */ = {isa = PBXBuildFile; fileRef = 63DBFF8524BA300C000E1FD5 /* RecommendedSessionsView.swift */; };
		63DBFF8724BA300C000E1FD5 /* RecommendedSessionsView.swift in Sources */ = {isa = PBXBuildFile; fileRef = 63DBFF8524BA300C000E1FD5 /* RecommendedSessionsView.swift */; };
		63DBFF8B24BA3039000E1FD5 /* Session.swift in Sources */ = {isa = PBXBuildFile; fileRef = 63DBFF8A24BA3039000E1FD5 /* Session.swift */; };
		63DBFF8C24BA3039000E1FD5 /* Session.swift in Sources */ = {isa = PBXBuildFile; fileRef = 63DBFF8A24BA3039000E1FD5 /* Session.swift */; };
		63DBFF8E24BA3201000E1FD5 /* RecommendedSession.swift in Sources */ = {isa = PBXBuildFile; fileRef = 63DBFF8D24BA3201000E1FD5 /* RecommendedSession.swift */; };
		63DBFF8F24BA3201000E1FD5 /* RecommendedSession.swift in Sources */ = {isa = PBXBuildFile; fileRef = 63DBFF8D24BA3201000E1FD5 /* RecommendedSession.swift */; };
		63DBFF9124BA4EBE000E1FD5 /* UserSessionsView.swift in Sources */ = {isa = PBXBuildFile; fileRef = 63DBFF9024BA4EBE000E1FD5 /* UserSessionsView.swift */; };
		63DBFF9224BA4EBE000E1FD5 /* UserSessionsView.swift in Sources */ = {isa = PBXBuildFile; fileRef = 63DBFF9024BA4EBE000E1FD5 /* UserSessionsView.swift */; };
		63DBFF9524BA508B000E1FD5 /* Sessions.swift in Sources */ = {isa = PBXBuildFile; fileRef = 63DBFF9424BA508B000E1FD5 /* Sessions.swift */; };
		63DBFF9624BA508B000E1FD5 /* Sessions.swift in Sources */ = {isa = PBXBuildFile; fileRef = 63DBFF9424BA508B000E1FD5 /* Sessions.swift */; };
		63DBFF9824BA509C000E1FD5 /* Mocks.swift in Sources */ = {isa = PBXBuildFile; fileRef = 63DBFF9724BA509C000E1FD5 /* Mocks.swift */; };
		63DBFF9924BA509C000E1FD5 /* Mocks.swift in Sources */ = {isa = PBXBuildFile; fileRef = 63DBFF9724BA509C000E1FD5 /* Mocks.swift */; };
		63DBFF9B24BA50C6000E1FD5 /* Recommendations.swift in Sources */ = {isa = PBXBuildFile; fileRef = 63DBFF9A24BA50C6000E1FD5 /* Recommendations.swift */; };
		63DBFF9C24BA50C6000E1FD5 /* Recommendations.swift in Sources */ = {isa = PBXBuildFile; fileRef = 63DBFF9A24BA50C6000E1FD5 /* Recommendations.swift */; };
		63DBFF9F24BA60E7000E1FD5 /* VisualEffectView.swift in Sources */ = {isa = PBXBuildFile; fileRef = 63DBFF9E24BA60E7000E1FD5 /* VisualEffectView.swift */; };
		63DBFFA024BA60E7000E1FD5 /* VisualEffectView.swift in Sources */ = {isa = PBXBuildFile; fileRef = 63DBFF9E24BA60E7000E1FD5 /* VisualEffectView.swift */; };
		63EA76FA2533A8E3001EF38D /* NavigationBarStyle.swift in Sources */ = {isa = PBXBuildFile; fileRef = 63EA76F92533A8E3001EF38D /* NavigationBarStyle.swift */; };
		63EA76FB2533A8E3001EF38D /* NavigationBarStyle.swift in Sources */ = {isa = PBXBuildFile; fileRef = 63EA76F92533A8E3001EF38D /* NavigationBarStyle.swift */; };
		63F127AE25A90ACA00B37E00 /* UserSessionsViewModel.swift in Sources */ = {isa = PBXBuildFile; fileRef = 63F127AD25A90ACA00B37E00 /* UserSessionsViewModel.swift */; };
		63F127AF25A90ACA00B37E00 /* UserSessionsViewModel.swift in Sources */ = {isa = PBXBuildFile; fileRef = 63F127AD25A90ACA00B37E00 /* UserSessionsViewModel.swift */; };
		63F127B325A90C0900B37E00 /* ViewFactory+UserSessions.swift in Sources */ = {isa = PBXBuildFile; fileRef = 63F127B225A90C0900B37E00 /* ViewFactory+UserSessions.swift */; };
		63F127B425A90C0900B37E00 /* ViewFactory+UserSessions.swift in Sources */ = {isa = PBXBuildFile; fileRef = 63F127B225A90C0900B37E00 /* ViewFactory+UserSessions.swift */; };
		63F29D0F24FC5E6400A299B3 /* DebugPublisher.swift in Sources */ = {isa = PBXBuildFile; fileRef = 63F29D0E24FC5E6400A299B3 /* DebugPublisher.swift */; };
/* End PBXBuildFile section */

/* Begin PBXFileReference section */
		6304A3B424C103660093DF70 /* MainScreenContentView.swift */ = {isa = PBXFileReference; lastKnownFileType = sourcecode.swift; path = MainScreenContentView.swift; sourceTree = "<group>"; };
		6308516C253791E30059E5EF /* SourcesListView.swift */ = {isa = PBXFileReference; lastKnownFileType = sourcecode.swift; path = SourcesListView.swift; sourceTree = "<group>"; };
		630B559625A5FB9300E62364 /* ViewFactory.swift */ = {isa = PBXFileReference; lastKnownFileType = sourcecode.swift; path = ViewFactory.swift; sourceTree = "<group>"; };
		630B559C25A5FC5300E62364 /* ViewFactory+MainScreen.swift */ = {isa = PBXFileReference; lastKnownFileType = sourcecode.swift; path = "ViewFactory+MainScreen.swift"; sourceTree = "<group>"; };
		630B55A725A615EF00E62364 /* ViewFactory+Settings.swift */ = {isa = PBXFileReference; lastKnownFileType = sourcecode.swift; path = "ViewFactory+Settings.swift"; sourceTree = "<group>"; };
		630B55AF25A618C500E62364 /* ViewFactory+Session.swift */ = {isa = PBXFileReference; lastKnownFileType = sourcecode.swift; path = "ViewFactory+Session.swift"; sourceTree = "<group>"; };
		630B55B725A61A1D00E62364 /* ViewFactory+SessionStart.swift */ = {isa = PBXFileReference; lastKnownFileType = sourcecode.swift; path = "ViewFactory+SessionStart.swift"; sourceTree = "<group>"; };
		630B55C825A61C0800E62364 /* ViewFactory+NewSession.swift */ = {isa = PBXFileReference; lastKnownFileType = sourcecode.swift; path = "ViewFactory+NewSession.swift"; sourceTree = "<group>"; };
		630B55CF25A61CA800E62364 /* ViewFactory+SourcesList.swift */ = {isa = PBXFileReference; lastKnownFileType = sourcecode.swift; path = "ViewFactory+SourcesList.swift"; sourceTree = "<group>"; };
		630B55D925A61E7800E62364 /* ViewFactory+NewSourceFast.swift */ = {isa = PBXFileReference; lastKnownFileType = sourcecode.swift; path = "ViewFactory+NewSourceFast.swift"; sourceTree = "<group>"; };
		630B55DE25A61F3700E62364 /* ViewFactory+SourceTypeSelector.swift */ = {isa = PBXFileReference; lastKnownFileType = sourcecode.swift; path = "ViewFactory+SourceTypeSelector.swift"; sourceTree = "<group>"; };
		630B55E325A6282900E62364 /* ViewFactoryEnvironment.swift */ = {isa = PBXFileReference; lastKnownFileType = sourcecode.swift; path = ViewFactoryEnvironment.swift; sourceTree = "<group>"; };
		631AC30D254DF4A3003EEA4F /* SourceGalleryView.swift */ = {isa = PBXFileReference; lastKnownFileType = sourcecode.swift; path = SourceGalleryView.swift; sourceTree = "<group>"; };
		631AC311254DF98C003EEA4F /* SourceCell.swift */ = {isa = PBXFileReference; lastKnownFileType = sourcecode.swift; path = SourceCell.swift; sourceTree = "<group>"; };
		631AC315254DF9AA003EEA4F /* Source.swift */ = {isa = PBXFileReference; lastKnownFileType = sourcecode.swift; path = Source.swift; sourceTree = "<group>"; };
		631AC319254DFA78003EEA4F /* Sources.swift */ = {isa = PBXFileReference; lastKnownFileType = sourcecode.swift; path = Sources.swift; sourceTree = "<group>"; };
		631AC323254DFBEF003EEA4F /* AuthorView.swift */ = {isa = PBXFileReference; lastKnownFileType = sourcecode.swift; path = AuthorView.swift; sourceTree = "<group>"; };
		6322206025A66D41005C8C8E /* SessionsRepository.swift */ = {isa = PBXFileReference; lastKnownFileType = sourcecode.swift; path = SessionsRepository.swift; sourceTree = "<group>"; };
		6322206625A66DF8005C8C8E /* InMemorySessionsRepository.swift */ = {isa = PBXFileReference; lastKnownFileType = sourcecode.swift; path = InMemorySessionsRepository.swift; sourceTree = "<group>"; };
		6322206C25A66EE4005C8C8E /* SourcesRepository.swift */ = {isa = PBXFileReference; lastKnownFileType = sourcecode.swift; path = SourcesRepository.swift; sourceTree = "<group>"; };
		6322207025A66F1C005C8C8E /* InMemorySourcesRepository.swift */ = {isa = PBXFileReference; lastKnownFileType = sourcecode.swift; path = InMemorySourcesRepository.swift; sourceTree = "<group>"; };
		6322208125A67298005C8C8E /* RepositoriesDependencies.swift */ = {isa = PBXFileReference; lastKnownFileType = sourcecode.swift; path = RepositoriesDependencies.swift; sourceTree = "<group>"; };
		6322208925A67391005C8C8E /* AllDependencies.swift */ = {isa = PBXFileReference; lastKnownFileType = sourcecode.swift; path = AllDependencies.swift; sourceTree = "<group>"; };
		6322209025A673D0005C8C8E /* MockDependencies.swift */ = {isa = PBXFileReference; lastKnownFileType = sourcecode.swift; path = MockDependencies.swift; sourceTree = "<group>"; };
		6322209725A674F9005C8C8E /* ProgressRepository.swift */ = {isa = PBXFileReference; lastKnownFileType = sourcecode.swift; path = ProgressRepository.swift; sourceTree = "<group>"; };
		6322209B25A675ED005C8C8E /* MockProgressRepository.swift */ = {isa = PBXFileReference; lastKnownFileType = sourcecode.swift; path = MockProgressRepository.swift; sourceTree = "<group>"; };
		632220A225A67E8D005C8C8E /* MainScreenContentViewModel.swift */ = {isa = PBXFileReference; lastKnownFileType = sourcecode.swift; path = MainScreenContentViewModel.swift; sourceTree = "<group>"; };
		632220AF25A684B0005C8C8E /* ViewFactory+MainScreenContent.swift */ = {isa = PBXFileReference; lastKnownFileType = sourcecode.swift; path = "ViewFactory+MainScreenContent.swift"; sourceTree = "<group>"; };
		632220B625A686BD005C8C8E /* ProgressHeaderViewModel.swift */ = {isa = PBXFileReference; lastKnownFileType = sourcecode.swift; path = ProgressHeaderViewModel.swift; sourceTree = "<group>"; };
		632220BF25A68B81005C8C8E /* ProgressElementView.swift */ = {isa = PBXFileReference; lastKnownFileType = sourcecode.swift; path = ProgressElementView.swift; sourceTree = "<group>"; };
		632220C525A68C5E005C8C8E /* ViewFactory+ProgressHeader.swift */ = {isa = PBXFileReference; lastKnownFileType = sourcecode.swift; path = "ViewFactory+ProgressHeader.swift"; sourceTree = "<group>"; };
		6329EC5824C1F38D00DA831E /* ProgressHeaderView.swift */ = {isa = PBXFileReference; lastKnownFileType = sourcecode.swift; path = ProgressHeaderView.swift; sourceTree = "<group>"; };
		6329EC5B24C1F53500DA831E /* ProgressItem.swift */ = {isa = PBXFileReference; lastKnownFileType = sourcecode.swift; path = ProgressItem.swift; sourceTree = "<group>"; };
		6329EC5E24C1F5F700DA831E /* ProgressItems.swift */ = {isa = PBXFileReference; lastKnownFileType = sourcecode.swift; path = ProgressItems.swift; sourceTree = "<group>"; };
		633EADF724CE0024007D63AE /* SessionPropertyView.swift */ = {isa = PBXFileReference; lastKnownFileType = sourcecode.swift; path = SessionPropertyView.swift; sourceTree = "<group>"; };
		633EADF924CE0157007D63AE /* SessionProperites.swift */ = {isa = PBXFileReference; lastKnownFileType = sourcecode.swift; path = SessionProperites.swift; sourceTree = "<group>"; };
		633EADFC24CE0445007D63AE /* Localised.swift */ = {isa = PBXFileReference; lastKnownFileType = sourcecode.swift; path = Localised.swift; sourceTree = "<group>"; };
		634C2528257D8CBC00E0A63E /* NavigationBar.swift */ = {isa = PBXFileReference; lastKnownFileType = sourcecode.swift; path = NavigationBar.swift; sourceTree = "<group>"; };
		634C252E257D947700E0A63E /* SourceTypeSectionView.swift */ = {isa = PBXFileReference; lastKnownFileType = sourcecode.swift; path = SourceTypeSectionView.swift; sourceTree = "<group>"; };
		6355514024F9A4DD00157FD5 /* AsyncImage.swift */ = {isa = PBXFileReference; lastKnownFileType = sourcecode.swift; path = AsyncImage.swift; sourceTree = "<group>"; };
		6355514324F9A66000157FD5 /* StaticAsyncImage.swift */ = {isa = PBXFileReference; lastKnownFileType = sourcecode.swift; path = StaticAsyncImage.swift; sourceTree = "<group>"; };
		635C1FC324D0CDAB00DA1CD0 /* BlurredMaterial.swift */ = {isa = PBXFileReference; lastKnownFileType = sourcecode.swift; path = BlurredMaterial.swift; sourceTree = "<group>"; };
		635C1FC624D0D28C00DA1CD0 /* BadgeView.swift */ = {isa = PBXFileReference; lastKnownFileType = sourcecode.swift; path = BadgeView.swift; sourceTree = "<group>"; };
		635C1FC924D0D2AC00DA1CD0 /* SessionProgressView.swift */ = {isa = PBXFileReference; lastKnownFileType = sourcecode.swift; path = SessionProgressView.swift; sourceTree = "<group>"; };
		637CE7312529EB700002B061 /* SourceType.swift */ = {isa = PBXFileReference; lastKnownFileType = sourcecode.swift; path = SourceType.swift; sourceTree = "<group>"; };
		637CE7352529F1220002B061 /* SettingsView.swift */ = {isa = PBXFileReference; lastKnownFileType = sourcecode.swift; path = SettingsView.swift; sourceTree = "<group>"; };
		637E771724D74F420033467E /* NewSourceFastView.swift */ = {isa = PBXFileReference; lastKnownFileType = sourcecode.swift; path = NewSourceFastView.swift; sourceTree = "<group>"; };
		637E771924D750BE0033467E /* NewSource.swift */ = {isa = PBXFileReference; lastKnownFileType = sourcecode.swift; path = NewSource.swift; sourceTree = "<group>"; };
		637E771C24D75E4A0033467E /* NewSources.swift */ = {isa = PBXFileReference; lastKnownFileType = sourcecode.swift; path = NewSources.swift; sourceTree = "<group>"; };
		638D77FE25A7A96E0065D19A /* RecommendedSessionsViewModel.swift */ = {isa = PBXFileReference; lastKnownFileType = sourcecode.swift; path = RecommendedSessionsViewModel.swift; sourceTree = "<group>"; };
		638D780525A7AB530065D19A /* ViewFactory+RecommendedSession.swift */ = {isa = PBXFileReference; lastKnownFileType = sourcecode.swift; path = "ViewFactory+RecommendedSession.swift"; sourceTree = "<group>"; };
		638DD09924C9923900630DAB /* FixedSpacer.swift */ = {isa = PBXFileReference; lastKnownFileType = sourcecode.swift; path = FixedSpacer.swift; sourceTree = "<group>"; };
		63963E4624C51F9300AE93D5 /* NewSessionView.swift */ = {isa = PBXFileReference; lastKnownFileType = sourcecode.swift; path = NewSessionView.swift; sourceTree = "<group>"; };
		63963E4924C521BD00AE93D5 /* SessionView.swift */ = {isa = PBXFileReference; lastKnownFileType = sourcecode.swift; path = SessionView.swift; sourceTree = "<group>"; };
		63963E4B24C52B1A00AE93D5 /* SessionGalleryView.swift */ = {isa = PBXFileReference; lastKnownFileType = sourcecode.swift; path = SessionGalleryView.swift; sourceTree = "<group>"; };
		63963E4D24C5BA1400AE93D5 /* FormSection.swift */ = {isa = PBXFileReference; lastKnownFileType = sourcecode.swift; path = FormSection.swift; sourceTree = "<group>"; };
		63963E4F24C5BD6B00AE93D5 /* FormFieldsGroup.swift */ = {isa = PBXFileReference; lastKnownFileType = sourcecode.swift; path = FormFieldsGroup.swift; sourceTree = "<group>"; };
		63963E5124C61CB100AE93D5 /* CornerRadiusStyle.swift */ = {isa = PBXFileReference; lastKnownFileType = sourcecode.swift; path = CornerRadiusStyle.swift; sourceTree = "<group>"; };
		639AF34524FBDE940020A26F /* LoadingImage.swift */ = {isa = PBXFileReference; lastKnownFileType = sourcecode.swift; path = LoadingImage.swift; sourceTree = "<group>"; };
		639AF34C24FBE9C40020A26F /* MockAsyncImage.swift */ = {isa = PBXFileReference; lastKnownFileType = sourcecode.swift; path = MockAsyncImage.swift; sourceTree = "<group>"; };
		639B71C324CDB80D00FA5141 /* Images.swift */ = {isa = PBXFileReference; lastKnownFileType = sourcecode.swift; path = Images.swift; sourceTree = "<group>"; };
		639B71C824CDCA6000FA5141 /* SessionStartView.swift */ = {isa = PBXFileReference; lastKnownFileType = sourcecode.swift; path = SessionStartView.swift; sourceTree = "<group>"; };
		639D80B7252925740062CB83 /* SourceTypeSelectorView.swift */ = {isa = PBXFileReference; lastKnownFileType = sourcecode.swift; path = SourceTypeSelectorView.swift; sourceTree = "<group>"; };
		63B0EE0725A9DB00006FB7AB /* Mock+String.swift */ = {isa = PBXFileReference; lastKnownFileType = sourcecode.swift; path = "Mock+String.swift"; sourceTree = "<group>"; };
		63B9FD2A258502ED00CCC7BA /* SourceTypeCell.swift */ = {isa = PBXFileReference; lastKnownFileType = sourcecode.swift; path = SourceTypeCell.swift; sourceTree = "<group>"; };
		63BC97FE24B90C4800AE1B28 /* Sketcher.swift */ = {isa = PBXFileReference; lastKnownFileType = sourcecode.swift; path = Sketcher.swift; sourceTree = "<group>"; };
		63BC97FF24B90C4800AE1B28 /* MainScreenView.swift */ = {isa = PBXFileReference; lastKnownFileType = sourcecode.swift; path = MainScreenView.swift; sourceTree = "<group>"; };
		63BC980024B90C4900AE1B28 /* Assets.xcassets */ = {isa = PBXFileReference; lastKnownFileType = folder.assetcatalog; path = Assets.xcassets; sourceTree = "<group>"; };
		63BC980524B90C4900AE1B28 /* Sketcher SUI.app */ = {isa = PBXFileReference; explicitFileType = wrapper.application; includeInIndex = 0; path = "Sketcher SUI.app"; sourceTree = BUILT_PRODUCTS_DIR; };
		63BC980824B90C4900AE1B28 /* Info.plist */ = {isa = PBXFileReference; lastKnownFileType = text.plist.xml; path = Info.plist; sourceTree = "<group>"; };
		63BC980D24B90C4900AE1B28 /* Sketcher SUI.app */ = {isa = PBXFileReference; explicitFileType = wrapper.application; includeInIndex = 0; path = "Sketcher SUI.app"; sourceTree = BUILT_PRODUCTS_DIR; };
		63BC980F24B90C4900AE1B28 /* Info.plist */ = {isa = PBXFileReference; lastKnownFileType = text.plist.xml; path = Info.plist; sourceTree = "<group>"; };
		63BC981024B90C4900AE1B28 /* macOS.entitlements */ = {isa = PBXFileReference; lastKnownFileType = text.plist.entitlements; path = macOS.entitlements; sourceTree = "<group>"; };
		63BC982124B90D6500AE1B28 /* Montserrat-Medium.ttf */ = {isa = PBXFileReference; lastKnownFileType = file; path = "Montserrat-Medium.ttf"; sourceTree = "<group>"; };
		63BC982224B90D6500AE1B28 /* Montserrat-Bold.ttf */ = {isa = PBXFileReference; lastKnownFileType = file; path = "Montserrat-Bold.ttf"; sourceTree = "<group>"; };
		63BC982C24B91ED000AE1B28 /* Fonts.swift */ = {isa = PBXFileReference; lastKnownFileType = sourcecode.swift; path = Fonts.swift; sourceTree = "<group>"; };
		63BC983124B9227800AE1B28 /* SetupProgressHeaderView.swift */ = {isa = PBXFileReference; lastKnownFileType = sourcecode.swift; path = SetupProgressHeaderView.swift; sourceTree = "<group>"; };
		63BC983424B9244000AE1B28 /* Colors.swift */ = {isa = PBXFileReference; lastKnownFileType = sourcecode.swift; path = Colors.swift; sourceTree = "<group>"; };
		63BC983724B939A500AE1B28 /* MainScreenSectionView.swift */ = {isa = PBXFileReference; lastKnownFileType = sourcecode.swift; path = MainScreenSectionView.swift; sourceTree = "<group>"; };
		63BC983A24B9DE0E00AE1B28 /* SpacingLevel.swift */ = {isa = PBXFileReference; lastKnownFileType = sourcecode.swift; path = SpacingLevel.swift; sourceTree = "<group>"; };
		63BC983D24B9DEEC00AE1B28 /* Design.swift */ = {isa = PBXFileReference; lastKnownFileType = sourcecode.swift; path = Design.swift; sourceTree = "<group>"; };
		63BC984124B9F3CF00AE1B28 /* SessionCell.swift */ = {isa = PBXFileReference; lastKnownFileType = sourcecode.swift; path = SessionCell.swift; sourceTree = "<group>"; };
		63BC984424B9F9ED00AE1B28 /* MockAssets.xcassets */ = {isa = PBXFileReference; lastKnownFileType = folder.assetcatalog; path = MockAssets.xcassets; sourceTree = "<group>"; };
		63CA615624CCA2D8008D5A00 /* FixedSizeGeometryReader.swift */ = {isa = PBXFileReference; lastKnownFileType = sourcecode.swift; path = FixedSizeGeometryReader.swift; sourceTree = "<group>"; };
		63D9686A24C65FA700DA4B7A /* FormValueFieldView.swift */ = {isa = PBXFileReference; lastKnownFileType = sourcecode.swift; path = FormValueFieldView.swift; sourceTree = "<group>"; };
		63D9686C24C71B7700DA4B7A /* FormButtonFieldView.swift */ = {isa = PBXFileReference; lastKnownFileType = sourcecode.swift; path = FormButtonFieldView.swift; sourceTree = "<group>"; };
		63D9686E24C71D8B00DA4B7A /* FormTextFieldView.swift */ = {isa = PBXFileReference; lastKnownFileType = sourcecode.swift; path = FormTextFieldView.swift; sourceTree = "<group>"; };
		63D9687024C72D8C00DA4B7A /* NewSession.swift */ = {isa = PBXFileReference; lastKnownFileType = sourcecode.swift; path = NewSession.swift; sourceTree = "<group>"; };
		63D9687224C72F8A00DA4B7A /* NewSessions.swift */ = {isa = PBXFileReference; lastKnownFileType = sourcecode.swift; path = NewSessions.swift; sourceTree = "<group>"; };
		63D9687424C8444400DA4B7A /* TagsEditorView.swift */ = {isa = PBXFileReference; lastKnownFileType = sourcecode.swift; path = TagsEditorView.swift; sourceTree = "<group>"; };
		63D9687624C8750E00DA4B7A /* Montserrat-SemiBold.ttf */ = {isa = PBXFileReference; lastKnownFileType = file; path = "Montserrat-SemiBold.ttf"; sourceTree = "<group>"; };
		63D9687924C8BC7400DA4B7A /* ActionButton.swift */ = {isa = PBXFileReference; lastKnownFileType = sourcecode.swift; path = ActionButton.swift; sourceTree = "<group>"; };
		63DBFF8524BA300C000E1FD5 /* RecommendedSessionsView.swift */ = {isa = PBXFileReference; lastKnownFileType = sourcecode.swift; path = RecommendedSessionsView.swift; sourceTree = "<group>"; };
		63DBFF8A24BA3039000E1FD5 /* Session.swift */ = {isa = PBXFileReference; lastKnownFileType = sourcecode.swift; path = Session.swift; sourceTree = "<group>"; };
		63DBFF8D24BA3201000E1FD5 /* RecommendedSession.swift */ = {isa = PBXFileReference; lastKnownFileType = sourcecode.swift; path = RecommendedSession.swift; sourceTree = "<group>"; };
		63DBFF9024BA4EBE000E1FD5 /* UserSessionsView.swift */ = {isa = PBXFileReference; lastKnownFileType = sourcecode.swift; path = UserSessionsView.swift; sourceTree = "<group>"; };
		63DBFF9424BA508B000E1FD5 /* Sessions.swift */ = {isa = PBXFileReference; lastKnownFileType = sourcecode.swift; path = Sessions.swift; sourceTree = "<group>"; };
		63DBFF9724BA509C000E1FD5 /* Mocks.swift */ = {isa = PBXFileReference; lastKnownFileType = sourcecode.swift; path = Mocks.swift; sourceTree = "<group>"; };
		63DBFF9A24BA50C6000E1FD5 /* Recommendations.swift */ = {isa = PBXFileReference; lastKnownFileType = sourcecode.swift; path = Recommendations.swift; sourceTree = "<group>"; };
		63DBFF9E24BA60E7000E1FD5 /* VisualEffectView.swift */ = {isa = PBXFileReference; lastKnownFileType = sourcecode.swift; path = VisualEffectView.swift; sourceTree = "<group>"; };
		63EA76F92533A8E3001EF38D /* NavigationBarStyle.swift */ = {isa = PBXFileReference; lastKnownFileType = sourcecode.swift; path = NavigationBarStyle.swift; sourceTree = "<group>"; };
		63F127AD25A90ACA00B37E00 /* UserSessionsViewModel.swift */ = {isa = PBXFileReference; lastKnownFileType = sourcecode.swift; path = UserSessionsViewModel.swift; sourceTree = "<group>"; };
		63F127B225A90C0900B37E00 /* ViewFactory+UserSessions.swift */ = {isa = PBXFileReference; lastKnownFileType = sourcecode.swift; path = "ViewFactory+UserSessions.swift"; sourceTree = "<group>"; };
		63F29D0E24FC5E6400A299B3 /* DebugPublisher.swift */ = {isa = PBXFileReference; lastKnownFileType = sourcecode.swift; path = DebugPublisher.swift; sourceTree = "<group>"; };
/* End PBXFileReference section */

/* Begin PBXFrameworksBuildPhase section */
		63BC980224B90C4900AE1B28 /* Frameworks */ = {
			isa = PBXFrameworksBuildPhase;
			buildActionMask = 2147483647;
			files = (
			);
			runOnlyForDeploymentPostprocessing = 0;
		};
		63BC980A24B90C4900AE1B28 /* Frameworks */ = {
			isa = PBXFrameworksBuildPhase;
			buildActionMask = 2147483647;
			files = (
			);
			runOnlyForDeploymentPostprocessing = 0;
		};
/* End PBXFrameworksBuildPhase section */

/* Begin PBXGroup section */
		630B559225A5F5DF00E62364 /* Navigation */ = {
			isa = PBXGroup;
			children = (
				630B559625A5FB9300E62364 /* ViewFactory.swift */,
			);
			path = Navigation;
			sourceTree = "<group>";
		};
		630B559325A5F5FC00E62364 /* Views */ = {
			isa = PBXGroup;
			children = (
				63DBFF9E24BA60E7000E1FD5 /* VisualEffectView.swift */,
				63963E5124C61CB100AE93D5 /* CornerRadiusStyle.swift */,
				63EA76F92533A8E3001EF38D /* NavigationBarStyle.swift */,
				63D9687924C8BC7400DA4B7A /* ActionButton.swift */,
				638DD09924C9923900630DAB /* FixedSpacer.swift */,
				63CA615624CCA2D8008D5A00 /* FixedSizeGeometryReader.swift */,
				635C1FC324D0CDAB00DA1CD0 /* BlurredMaterial.swift */,
				639AF34524FBDE940020A26F /* LoadingImage.swift */,
				634C2528257D8CBC00E0A63E /* NavigationBar.swift */,
			);
			path = Views;
			sourceTree = "<group>";
		};
		630B55AC25A6187E00E62364 /* Views */ = {
			isa = PBXGroup;
			children = (
				635C1FC924D0D2AC00DA1CD0 /* SessionProgressView.swift */,
				635C1FC624D0D28C00DA1CD0 /* BadgeView.swift */,
			);
			path = Views;
			sourceTree = "<group>";
		};
		630B55B525A6196400E62364 /* Views */ = {
			isa = PBXGroup;
			children = (
				633EADF724CE0024007D63AE /* SessionPropertyView.swift */,
			);
			path = Views;
			sourceTree = "<group>";
		};
		630B55B625A619B300E62364 /* Models */ = {
			isa = PBXGroup;
			children = (
				633EADF924CE0157007D63AE /* SessionProperites.swift */,
			);
			path = Models;
			sourceTree = "<group>";
		};
		630B55C725A61BDB00E62364 /* Views */ = {
			isa = PBXGroup;
			children = (
				63963E4B24C52B1A00AE93D5 /* SessionGalleryView.swift */,
			);
			path = Views;
			sourceTree = "<group>";
		};
		630B55CE25A61C7A00E62364 /* Views */ = {
			isa = PBXGroup;
			children = (
				631AC30D254DF4A3003EEA4F /* SourceGalleryView.swift */,
				631AC311254DF98C003EEA4F /* SourceCell.swift */,
				631AC323254DFBEF003EEA4F /* AuthorView.swift */,
			);
			path = Views;
			sourceTree = "<group>";
		};
		630B55D525A61D6F00E62364 /* NewSourceFast */ = {
			isa = PBXGroup;
			children = (
				637E771724D74F420033467E /* NewSourceFastView.swift */,
				630B55D925A61E7800E62364 /* ViewFactory+NewSourceFast.swift */,
			);
			path = NewSourceFast;
			sourceTree = "<group>";
		};
		630B55DD25A61F2300E62364 /* Views */ = {
			isa = PBXGroup;
			children = (
				634C252E257D947700E0A63E /* SourceTypeSectionView.swift */,
				63B9FD2A258502ED00CCC7BA /* SourceTypeCell.swift */,
			);
			path = Views;
			sourceTree = "<group>";
		};
		630B55E225A6281300E62364 /* Enviroment */ = {
			isa = PBXGroup;
			children = (
				630B55E325A6282900E62364 /* ViewFactoryEnvironment.swift */,
			);
			path = Enviroment;
			sourceTree = "<group>";
		};
		6322205A25A66C48005C8C8E /* Models */ = {
			isa = PBXGroup;
			children = (
				6355514224F9A64D00157FD5 /* AsyncImage */,
				63DBFF8A24BA3039000E1FD5 /* Session.swift */,
				63DBFF8D24BA3201000E1FD5 /* RecommendedSession.swift */,
				6329EC5B24C1F53500DA831E /* ProgressItem.swift */,
				63D9687024C72D8C00DA4B7A /* NewSession.swift */,
				637E771924D750BE0033467E /* NewSource.swift */,
				637CE7312529EB700002B061 /* SourceType.swift */,
				631AC315254DF9AA003EEA4F /* Source.swift */,
			);
			path = Models;
			sourceTree = "<group>";
		};
		6322205D25A66C88005C8C8E /* Repositories */ = {
			isa = PBXGroup;
			children = (
				6322209625A674D3005C8C8E /* Progress */,
				6322206525A66DB6005C8C8E /* Sources */,
				6322206425A66DAA005C8C8E /* Sessions */,
			);
			path = Repositories;
			sourceTree = "<group>";
		};
		6322206425A66DAA005C8C8E /* Sessions */ = {
			isa = PBXGroup;
			children = (
				6322206025A66D41005C8C8E /* SessionsRepository.swift */,
				6322206625A66DF8005C8C8E /* InMemorySessionsRepository.swift */,
			);
			path = Sessions;
			sourceTree = "<group>";
		};
		6322206525A66DB6005C8C8E /* Sources */ = {
			isa = PBXGroup;
			children = (
				6322206C25A66EE4005C8C8E /* SourcesRepository.swift */,
				6322207025A66F1C005C8C8E /* InMemorySourcesRepository.swift */,
			);
			path = Sources;
			sourceTree = "<group>";
		};
		6322208025A67282005C8C8E /* Dependencies */ = {
			isa = PBXGroup;
			children = (
				6322208F25A673BB005C8C8E /* Containers */,
				6322208125A67298005C8C8E /* RepositoriesDependencies.swift */,
				6322208925A67391005C8C8E /* AllDependencies.swift */,
			);
			path = Dependencies;
			sourceTree = "<group>";
		};
		6322208F25A673BB005C8C8E /* Containers */ = {
			isa = PBXGroup;
			children = (
				6322209025A673D0005C8C8E /* MockDependencies.swift */,
			);
			path = Containers;
			sourceTree = "<group>";
		};
		6322209625A674D3005C8C8E /* Progress */ = {
			isa = PBXGroup;
			children = (
				6322209725A674F9005C8C8E /* ProgressRepository.swift */,
				6322209B25A675ED005C8C8E /* MockProgressRepository.swift */,
			);
			path = Progress;
			sourceTree = "<group>";
		};
		6322209F25A67DB2005C8C8E /* MainScreenContent */ = {
			isa = PBXGroup;
			children = (
				6304A3B424C103660093DF70 /* MainScreenContentView.swift */,
				632220A225A67E8D005C8C8E /* MainScreenContentViewModel.swift */,
				632220AF25A684B0005C8C8E /* ViewFactory+MainScreenContent.swift */,
			);
			path = MainScreenContent;
			sourceTree = "<group>";
		};
		632220B325A68663005C8C8E /* ProgressHeader */ = {
			isa = PBXGroup;
			children = (
				63BC983124B9227800AE1B28 /* SetupProgressHeaderView.swift */,
				6329EC5824C1F38D00DA831E /* ProgressHeaderView.swift */,
				632220B625A686BD005C8C8E /* ProgressHeaderViewModel.swift */,
				632220BF25A68B81005C8C8E /* ProgressElementView.swift */,
				632220C525A68C5E005C8C8E /* ViewFactory+ProgressHeader.swift */,
			);
			path = ProgressHeader;
			sourceTree = "<group>";
		};
		633EADFB24CE0439007D63AE /* Localization */ = {
			isa = PBXGroup;
			children = (
				633EADFC24CE0445007D63AE /* Localised.swift */,
			);
			path = Localization;
			sourceTree = "<group>";
		};
		634C252D257D914400E0A63E /* SoureTypeSelector */ = {
			isa = PBXGroup;
			children = (
				639D80B7252925740062CB83 /* SourceTypeSelectorView.swift */,
				630B55DD25A61F2300E62364 /* Views */,
				630B55DE25A61F3700E62364 /* ViewFactory+SourceTypeSelector.swift */,
			);
			path = SoureTypeSelector;
			sourceTree = "<group>";
		};
		6355514224F9A64D00157FD5 /* AsyncImage */ = {
			isa = PBXGroup;
			children = (
				6355514024F9A4DD00157FD5 /* AsyncImage.swift */,
				6355514324F9A66000157FD5 /* StaticAsyncImage.swift */,
				639AF34C24FBE9C40020A26F /* MockAsyncImage.swift */,
			);
			path = AsyncImage;
			sourceTree = "<group>";
		};
		637CE7392529F24B0002B061 /* Form */ = {
			isa = PBXGroup;
			children = (
				63963E4D24C5BA1400AE93D5 /* FormSection.swift */,
				63963E4F24C5BD6B00AE93D5 /* FormFieldsGroup.swift */,
				63D9686A24C65FA700DA4B7A /* FormValueFieldView.swift */,
				63D9686C24C71B7700DA4B7A /* FormButtonFieldView.swift */,
				63D9686E24C71D8B00DA4B7A /* FormTextFieldView.swift */,
				63D9687424C8444400DA4B7A /* TagsEditorView.swift */,
			);
			path = Form;
			sourceTree = "<group>";
		};
		637CE73E252A4A440002B061 /* SourcesList */ = {
			isa = PBXGroup;
			children = (
				6308516C253791E30059E5EF /* SourcesListView.swift */,
				630B55CE25A61C7A00E62364 /* Views */,
				630B55CF25A61CA800E62364 /* ViewFactory+SourcesList.swift */,
			);
			path = SourcesList;
			sourceTree = "<group>";
		};
		637E771324D6201B0033467E /* Settings */ = {
			isa = PBXGroup;
			children = (
				637CE7352529F1220002B061 /* SettingsView.swift */,
				630B55A725A615EF00E62364 /* ViewFactory+Settings.swift */,
			);
			path = Settings;
			sourceTree = "<group>";
		};
		638D77FC25A7A6360065D19A /* RecommendedSessions */ = {
			isa = PBXGroup;
			children = (
				63DBFF8524BA300C000E1FD5 /* RecommendedSessionsView.swift */,
				638D77FE25A7A96E0065D19A /* RecommendedSessionsViewModel.swift */,
				638D780525A7AB530065D19A /* ViewFactory+RecommendedSession.swift */,
			);
			path = RecommendedSessions;
			sourceTree = "<group>";
		};
		638D77FD25A7A65F0065D19A /* UserSessions */ = {
			isa = PBXGroup;
			children = (
				63DBFF9024BA4EBE000E1FD5 /* UserSessionsView.swift */,
				63F127AD25A90ACA00B37E00 /* UserSessionsViewModel.swift */,
				63BC984124B9F3CF00AE1B28 /* SessionCell.swift */,
				63F127B225A90C0900B37E00 /* ViewFactory+UserSessions.swift */,
			);
			path = UserSessions;
			sourceTree = "<group>";
		};
		63963E4524C51F5600AE93D5 /* NewSession */ = {
			isa = PBXGroup;
			children = (
				63963E4624C51F9300AE93D5 /* NewSessionView.swift */,
				630B55C725A61BDB00E62364 /* Views */,
				630B55C825A61C0800E62364 /* ViewFactory+NewSession.swift */,
			);
			path = NewSession;
			sourceTree = "<group>";
		};
		63963E4824C521AB00AE93D5 /* Session */ = {
			isa = PBXGroup;
			children = (
				63963E4924C521BD00AE93D5 /* SessionView.swift */,
				630B55AC25A6187E00E62364 /* Views */,
				630B55AF25A618C500E62364 /* ViewFactory+Session.swift */,
			);
			path = Session;
			sourceTree = "<group>";
		};
		639AF34824FBE5200020A26F /* Helpers */ = {
			isa = PBXGroup;
			children = (
				63F29D0E24FC5E6400A299B3 /* DebugPublisher.swift */,
			);
			path = Helpers;
			sourceTree = "<group>";
		};
		639B71C224CDB6E400FA5141 /* SessionStart */ = {
			isa = PBXGroup;
			children = (
				639B71C824CDCA6000FA5141 /* SessionStartView.swift */,
				630B55B625A619B300E62364 /* Models */,
				630B55B525A6196400E62364 /* Views */,
				630B55B725A61A1D00E62364 /* ViewFactory+SessionStart.swift */,
			);
			path = SessionStart;
			sourceTree = "<group>";
		};
		63BC97F824B90C4800AE1B28 = {
			isa = PBXGroup;
			children = (
				63BC97FD24B90C4800AE1B28 /* Shared */,
				63BC980724B90C4900AE1B28 /* iOS */,
				63BC980E24B90C4900AE1B28 /* macOS */,
				63BC980624B90C4900AE1B28 /* Products */,
			);
			sourceTree = "<group>";
		};
		63BC97FD24B90C4800AE1B28 /* Shared */ = {
			isa = PBXGroup;
			children = (
				63DBFF9324BA5081000E1FD5 /* Mocks */,
				63DBFF8924BA3027000E1FD5 /* Domain */,
				63DBFF8824BA301B000E1FD5 /* Presentation */,
				63BC981F24B90D0C00AE1B28 /* Resources */,
			);
			path = Shared;
			sourceTree = "<group>";
		};
		63BC980624B90C4900AE1B28 /* Products */ = {
			isa = PBXGroup;
			children = (
				63BC980524B90C4900AE1B28 /* Sketcher SUI.app */,
				63BC980D24B90C4900AE1B28 /* Sketcher SUI.app */,
			);
			name = Products;
			sourceTree = "<group>";
		};
		63BC980724B90C4900AE1B28 /* iOS */ = {
			isa = PBXGroup;
			children = (
				63BC980824B90C4900AE1B28 /* Info.plist */,
			);
			path = iOS;
			sourceTree = "<group>";
		};
		63BC980E24B90C4900AE1B28 /* macOS */ = {
			isa = PBXGroup;
			children = (
				63BC980F24B90C4900AE1B28 /* Info.plist */,
				63BC981024B90C4900AE1B28 /* macOS.entitlements */,
			);
			path = macOS;
			sourceTree = "<group>";
		};
		63BC981F24B90D0C00AE1B28 /* Resources */ = {
			isa = PBXGroup;
			children = (
				63BC982024B90D1400AE1B28 /* Fonts */,
				63BC980024B90C4900AE1B28 /* Assets.xcassets */,
				63BC984424B9F9ED00AE1B28 /* MockAssets.xcassets */,
			);
			path = Resources;
			sourceTree = "<group>";
		};
		63BC982024B90D1400AE1B28 /* Fonts */ = {
			isa = PBXGroup;
			children = (
				63D9687624C8750E00DA4B7A /* Montserrat-SemiBold.ttf */,
				63BC982224B90D6500AE1B28 /* Montserrat-Bold.ttf */,
				63BC982124B90D6500AE1B28 /* Montserrat-Medium.ttf */,
			);
			path = Fonts;
			sourceTree = "<group>";
		};
		63BC982B24B90E0000AE1B28 /* DesignSystem */ = {
			isa = PBXGroup;
			children = (
				63BC983D24B9DEEC00AE1B28 /* Design.swift */,
				63BC982C24B91ED000AE1B28 /* Fonts.swift */,
				63BC983424B9244000AE1B28 /* Colors.swift */,
				63BC983A24B9DE0E00AE1B28 /* SpacingLevel.swift */,
			);
			path = DesignSystem;
			sourceTree = "<group>";
		};
		63BC982F24B921E700AE1B28 /* MainScreen */ = {
			isa = PBXGroup;
			children = (
				63BC97FF24B90C4800AE1B28 /* MainScreenView.swift */,
				63BC983724B939A500AE1B28 /* MainScreenSectionView.swift */,
				630B559C25A5FC5300E62364 /* ViewFactory+MainScreen.swift */,
			);
			path = MainScreen;
			sourceTree = "<group>";
		};
		63DBFF8824BA301B000E1FD5 /* Presentation */ = {
			isa = PBXGroup;
			children = (
				63BC97FE24B90C4800AE1B28 /* Sketcher.swift */,
				63DBFF9D24BA54C0000E1FD5 /* Common */,
				63F1279E25A909E900B37E00 /* Main */,
				637E771324D6201B0033467E /* Settings */,
				63F127A425A90A3000B37E00 /* Sessions */,
				63F127A125A90A0D00B37E00 /* Sources */,
			);
			path = Presentation;
			sourceTree = "<group>";
		};
		63DBFF8924BA3027000E1FD5 /* Domain */ = {
			isa = PBXGroup;
			children = (
				6322208025A67282005C8C8E /* Dependencies */,
				6322205D25A66C88005C8C8E /* Repositories */,
				6322205A25A66C48005C8C8E /* Models */,
				639AF34824FBE5200020A26F /* Helpers */,
			);
			path = Domain;
			sourceTree = "<group>";
		};
		63DBFF9324BA5081000E1FD5 /* Mocks */ = {
			isa = PBXGroup;
			children = (
				63DBFF9724BA509C000E1FD5 /* Mocks.swift */,
				63DBFF9424BA508B000E1FD5 /* Sessions.swift */,
				63DBFF9A24BA50C6000E1FD5 /* Recommendations.swift */,
				6329EC5E24C1F5F700DA831E /* ProgressItems.swift */,
				63D9687224C72F8A00DA4B7A /* NewSessions.swift */,
				639B71C324CDB80D00FA5141 /* Images.swift */,
				637E771C24D75E4A0033467E /* NewSources.swift */,
				631AC319254DFA78003EEA4F /* Sources.swift */,
				63B0EE0725A9DB00006FB7AB /* Mock+String.swift */,
			);
			path = Mocks;
			sourceTree = "<group>";
		};
		63DBFF9D24BA54C0000E1FD5 /* Common */ = {
			isa = PBXGroup;
			children = (
				630B55E225A6281300E62364 /* Enviroment */,
				630B559325A5F5FC00E62364 /* Views */,
				630B559225A5F5DF00E62364 /* Navigation */,
				637CE7392529F24B0002B061 /* Form */,
				633EADFB24CE0439007D63AE /* Localization */,
				63BC982B24B90E0000AE1B28 /* DesignSystem */,
			);
			path = Common;
			sourceTree = "<group>";
		};
		63F1279E25A909E900B37E00 /* Main */ = {
			isa = PBXGroup;
			children = (
				63BC982F24B921E700AE1B28 /* MainScreen */,
				6322209F25A67DB2005C8C8E /* MainScreenContent */,
				638D77FC25A7A6360065D19A /* RecommendedSessions */,
				638D77FD25A7A65F0065D19A /* UserSessions */,
				632220B325A68663005C8C8E /* ProgressHeader */,
			);
			path = Main;
			sourceTree = "<group>";
		};
		63F127A125A90A0D00B37E00 /* Sources */ = {
			isa = PBXGroup;
			children = (
				637CE73E252A4A440002B061 /* SourcesList */,
				630B55D525A61D6F00E62364 /* NewSourceFast */,
				634C252D257D914400E0A63E /* SoureTypeSelector */,
			);
			path = Sources;
			sourceTree = "<group>";
		};
		63F127A425A90A3000B37E00 /* Sessions */ = {
			isa = PBXGroup;
			children = (
				63963E4824C521AB00AE93D5 /* Session */,
				639B71C224CDB6E400FA5141 /* SessionStart */,
				63963E4524C51F5600AE93D5 /* NewSession */,
			);
			path = Sessions;
			sourceTree = "<group>";
		};
/* End PBXGroup section */

/* Begin PBXNativeTarget section */
		63BC980424B90C4900AE1B28 /* iOS */ = {
			isa = PBXNativeTarget;
			buildConfigurationList = 63BC981924B90C4900AE1B28 /* Build configuration list for PBXNativeTarget "iOS" */;
			buildPhases = (
				63B0EE0025A9D4C4006FB7AB /* Swiftlint */,
				63BC980124B90C4900AE1B28 /* Sources */,
				63BC980224B90C4900AE1B28 /* Frameworks */,
				63BC980324B90C4900AE1B28 /* Resources */,
			);
			buildRules = (
			);
			dependencies = (
			);
			name = iOS;
			productName = iOS;
			productReference = 63BC980524B90C4900AE1B28 /* Sketcher SUI.app */;
			productType = "com.apple.product-type.application";
		};
		63BC980C24B90C4900AE1B28 /* macOS */ = {
			isa = PBXNativeTarget;
			buildConfigurationList = 63BC981C24B90C4900AE1B28 /* Build configuration list for PBXNativeTarget "macOS" */;
			buildPhases = (
				63BC980924B90C4900AE1B28 /* Sources */,
				63BC980A24B90C4900AE1B28 /* Frameworks */,
				63BC980B24B90C4900AE1B28 /* Resources */,
			);
			buildRules = (
			);
			dependencies = (
			);
			name = macOS;
			productName = macOS;
			productReference = 63BC980D24B90C4900AE1B28 /* Sketcher SUI.app */;
			productType = "com.apple.product-type.application";
		};
/* End PBXNativeTarget section */

/* Begin PBXProject section */
		63BC97F924B90C4800AE1B28 /* Project object */ = {
			isa = PBXProject;
			attributes = {
				LastSwiftUpdateCheck = 1200;
				LastUpgradeCheck = 1210;
				TargetAttributes = {
					63BC980424B90C4900AE1B28 = {
						CreatedOnToolsVersion = 12.0;
					};
					63BC980C24B90C4900AE1B28 = {
						CreatedOnToolsVersion = 12.0;
					};
				};
			};
			buildConfigurationList = 63BC97FC24B90C4800AE1B28 /* Build configuration list for PBXProject "Sketcher SUI" */;
			compatibilityVersion = "Xcode 9.3";
			developmentRegion = en;
			hasScannedForEncodings = 0;
			knownRegions = (
				en,
				Base,
			);
			mainGroup = 63BC97F824B90C4800AE1B28;
			productRefGroup = 63BC980624B90C4900AE1B28 /* Products */;
			projectDirPath = "";
			projectRoot = "";
			targets = (
				63BC980424B90C4900AE1B28 /* iOS */,
				63BC980C24B90C4900AE1B28 /* macOS */,
			);
		};
/* End PBXProject section */

/* Begin PBXResourcesBuildPhase section */
		63BC980324B90C4900AE1B28 /* Resources */ = {
			isa = PBXResourcesBuildPhase;
			buildActionMask = 2147483647;
			files = (
				63BC982724B90D7300AE1B28 /* Montserrat-Medium.ttf in Resources */,
				63BC981524B90C4900AE1B28 /* Assets.xcassets in Resources */,
				639B71C524CDC07800FA5141 /* MockAssets.xcassets in Resources */,
				63D9687724C8750E00DA4B7A /* Montserrat-SemiBold.ttf in Resources */,
				63BC982824B90D7300AE1B28 /* Montserrat-Bold.ttf in Resources */,
			);
			runOnlyForDeploymentPostprocessing = 0;
		};
		63BC980B24B90C4900AE1B28 /* Resources */ = {
			isa = PBXResourcesBuildPhase;
			buildActionMask = 2147483647;
			files = (
				63BC982924B90D7300AE1B28 /* Montserrat-Medium.ttf in Resources */,
				63BC981624B90C4900AE1B28 /* Assets.xcassets in Resources */,
				63D9687824C8750E00DA4B7A /* Montserrat-SemiBold.ttf in Resources */,
				63BC982A24B90D7300AE1B28 /* Montserrat-Bold.ttf in Resources */,
			);
			runOnlyForDeploymentPostprocessing = 0;
		};
/* End PBXResourcesBuildPhase section */

/* Begin PBXShellScriptBuildPhase section */
		63B0EE0025A9D4C4006FB7AB /* Swiftlint */ = {
			isa = PBXShellScriptBuildPhase;
			buildActionMask = 2147483647;
			files = (
			);
			inputFileListPaths = (
			);
			inputPaths = (
			);
			name = Swiftlint;
			outputFileListPaths = (
			);
			outputPaths = (
			);
			runOnlyForDeploymentPostprocessing = 0;
			shellPath = /bin/sh;
			shellScript = "if which swiftlint >/dev/null; then\n  swiftlint\nelse\n  echo \"warning: SwiftLint not installed, download from https://github.com/realm/SwiftLint\"\nfi\n";
		};
/* End PBXShellScriptBuildPhase section */

/* Begin PBXSourcesBuildPhase section */
		63BC980124B90C4900AE1B28 /* Sources */ = {
			isa = PBXSourcesBuildPhase;
			buildActionMask = 2147483647;
			files = (
				6322206725A66DF8005C8C8E /* InMemorySessionsRepository.swift in Sources */,
				631AC31A254DFA78003EEA4F /* Sources.swift in Sources */,
				635C1FCA24D0D2AC00DA1CD0 /* SessionProgressView.swift in Sources */,
				635C1FC424D0CDAB00DA1CD0 /* BlurredMaterial.swift in Sources */,
				63DBFF9F24BA60E7000E1FD5 /* VisualEffectView.swift in Sources */,
				631AC312254DF98C003EEA4F /* SourceCell.swift in Sources */,
				63963E4A24C521BD00AE93D5 /* SessionView.swift in Sources */,
				63963E4C24C52B1A00AE93D5 /* SessionGalleryView.swift in Sources */,
				63BC983B24B9DE0E00AE1B28 /* SpacingLevel.swift in Sources */,
				63D9686F24C71D8B00DA4B7A /* FormTextFieldView.swift in Sources */,
				631AC316254DF9AA003EEA4F /* Source.swift in Sources */,
				632220A325A67E8D005C8C8E /* MainScreenContentViewModel.swift in Sources */,
				63BC983E24B9DEEC00AE1B28 /* Design.swift in Sources */,
				63DBFF9524BA508B000E1FD5 /* Sessions.swift in Sources */,
				6322209825A674F9005C8C8E /* ProgressRepository.swift in Sources */,
				6322206125A66D41005C8C8E /* SessionsRepository.swift in Sources */,
				63D9687A24C8BC7400DA4B7A /* ActionButton.swift in Sources */,
				637CE7362529F1220002B061 /* SettingsView.swift in Sources */,
				63D9687524C8444400DA4B7A /* TagsEditorView.swift in Sources */,
				631AC324254DFBEF003EEA4F /* AuthorView.swift in Sources */,
				63BC981324B90C4900AE1B28 /* MainScreenView.swift in Sources */,
				630B55E425A6282900E62364 /* ViewFactoryEnvironment.swift in Sources */,
				6329EC5C24C1F53500DA831E /* ProgressItem.swift in Sources */,
				63963E5224C61CB100AE93D5 /* CornerRadiusStyle.swift in Sources */,
				633EADFD24CE0445007D63AE /* Localised.swift in Sources */,
				63BC983524B9244000AE1B28 /* Colors.swift in Sources */,
				63F127B325A90C0900B37E00 /* ViewFactory+UserSessions.swift in Sources */,
				63F29D0F24FC5E6400A299B3 /* DebugPublisher.swift in Sources */,
				6322207125A66F1C005C8C8E /* InMemorySourcesRepository.swift in Sources */,
				630B559725A5FB9300E62364 /* ViewFactory.swift in Sources */,
				639B71C424CDB80D00FA5141 /* Images.swift in Sources */,
				6329EC5924C1F38D00DA831E /* ProgressHeaderView.swift in Sources */,
				639AF34D24FBE9C40020A26F /* MockAsyncImage.swift in Sources */,
				639B71C924CDCA6000FA5141 /* SessionStartView.swift in Sources */,
				63DBFF8E24BA3201000E1FD5 /* RecommendedSession.swift in Sources */,
				6322209125A673D0005C8C8E /* MockDependencies.swift in Sources */,
				6308516D253791E30059E5EF /* SourcesListView.swift in Sources */,
				63D9687324C72F8A00DA4B7A /* NewSessions.swift in Sources */,
				630B55D025A61CA800E62364 /* ViewFactory+SourcesList.swift in Sources */,
				638DD09A24C9923900630DAB /* FixedSpacer.swift in Sources */,
				63EA76FA2533A8E3001EF38D /* NavigationBarStyle.swift in Sources */,
				6322206D25A66EE4005C8C8E /* SourcesRepository.swift in Sources */,
				630B55B025A618C500E62364 /* ViewFactory+Session.swift in Sources */,
				63963E4E24C5BA1400AE93D5 /* FormSection.swift in Sources */,
				630B55C925A61C0800E62364 /* ViewFactory+NewSession.swift in Sources */,
				634C2529257D8CBC00E0A63E /* NavigationBar.swift in Sources */,
				63CA615724CCA2D8008D5A00 /* FixedSizeGeometryReader.swift in Sources */,
				6322208A25A67391005C8C8E /* AllDependencies.swift in Sources */,
				63BC983224B9227800AE1B28 /* SetupProgressHeaderView.swift in Sources */,
				637E771D24D75E4A0033467E /* NewSources.swift in Sources */,
				63D9686B24C65FA700DA4B7A /* FormValueFieldView.swift in Sources */,
				633EADFA24CE0157007D63AE /* SessionProperites.swift in Sources */,
				6355514124F9A4DD00157FD5 /* AsyncImage.swift in Sources */,
				63F127AE25A90ACA00B37E00 /* UserSessionsViewModel.swift in Sources */,
				63DBFF9124BA4EBE000E1FD5 /* UserSessionsView.swift in Sources */,
				637CE7322529EB700002B061 /* SourceType.swift in Sources */,
				632220C025A68B81005C8C8E /* ProgressElementView.swift in Sources */,
				63BC984224B9F3CF00AE1B28 /* SessionCell.swift in Sources */,
				635C1FC724D0D28C00DA1CD0 /* BadgeView.swift in Sources */,
				630B55DF25A61F3700E62364 /* ViewFactory+SourceTypeSelector.swift in Sources */,
				637E771824D74F420033467E /* NewSourceFastView.swift in Sources */,
				637E771A24D750BE0033467E /* NewSource.swift in Sources */,
				63B0EE0825A9DB00006FB7AB /* Mock+String.swift in Sources */,
				630B559D25A5FC5300E62364 /* ViewFactory+MainScreen.swift in Sources */,
				631AC30E254DF4A3003EEA4F /* SourceGalleryView.swift in Sources */,
				639D80B8252925740062CB83 /* SourceTypeSelectorView.swift in Sources */,
				638D77FF25A7A96E0065D19A /* RecommendedSessionsViewModel.swift in Sources */,
				6304A3B524C103660093DF70 /* MainScreenContentView.swift in Sources */,
				63B9FD2B258502ED00CCC7BA /* SourceTypeCell.swift in Sources */,
				638D780625A7AB530065D19A /* ViewFactory+RecommendedSession.swift in Sources */,
				6355514424F9A66000157FD5 /* StaticAsyncImage.swift in Sources */,
				63DBFF8624BA300C000E1FD5 /* RecommendedSessionsView.swift in Sources */,
				632220B725A686BD005C8C8E /* ProgressHeaderViewModel.swift in Sources */,
				63DBFF9B24BA50C6000E1FD5 /* Recommendations.swift in Sources */,
				63D9687124C72D8C00DA4B7A /* NewSession.swift in Sources */,
				63963E5024C5BD6B00AE93D5 /* FormFieldsGroup.swift in Sources */,
				6329EC5F24C1F5F700DA831E /* ProgressItems.swift in Sources */,
				63DBFF8B24BA3039000E1FD5 /* Session.swift in Sources */,
				63BC982D24B91ED000AE1B28 /* Fonts.swift in Sources */,
				6322208225A67298005C8C8E /* RepositoriesDependencies.swift in Sources */,
				630B55DA25A61E7800E62364 /* ViewFactory+NewSourceFast.swift in Sources */,
				639AF34624FBDE940020A26F /* LoadingImage.swift in Sources */,
				6322209C25A675ED005C8C8E /* MockProgressRepository.swift in Sources */,
				630B55B825A61A1D00E62364 /* ViewFactory+SessionStart.swift in Sources */,
				632220C625A68C5E005C8C8E /* ViewFactory+ProgressHeader.swift in Sources */,
				634C252F257D947700E0A63E /* SourceTypeSectionView.swift in Sources */,
				633EADF824CE0024007D63AE /* SessionPropertyView.swift in Sources */,
				63BC981124B90C4900AE1B28 /* Sketcher.swift in Sources */,
				63BC983824B939A500AE1B28 /* MainScreenSectionView.swift in Sources */,
				630B55A825A615EF00E62364 /* ViewFactory+Settings.swift in Sources */,
				632220B025A684B0005C8C8E /* ViewFactory+MainScreenContent.swift in Sources */,
				63D9686D24C71B7700DA4B7A /* FormButtonFieldView.swift in Sources */,
				63DBFF9824BA509C000E1FD5 /* Mocks.swift in Sources */,
				63963E4724C51F9300AE93D5 /* NewSessionView.swift in Sources */,
			);
			runOnlyForDeploymentPostprocessing = 0;
		};
		63BC980924B90C4900AE1B28 /* Sources */ = {
			isa = PBXSourcesBuildPhase;
			buildActionMask = 2147483647;
			files = (
				63F127AF25A90ACA00B37E00 /* UserSessionsViewModel.swift in Sources */,
				63EA76FB2533A8E3001EF38D /* NavigationBarStyle.swift in Sources */,
				63DBFFA024BA60E7000E1FD5 /* VisualEffectView.swift in Sources */,
				63BC983C24B9DE0E00AE1B28 /* SpacingLevel.swift in Sources */,
				63BC983F24B9DEEC00AE1B28 /* Design.swift in Sources */,
				63D9687B24C8BC7400DA4B7A /* ActionButton.swift in Sources */,
				634C252A257D8CBC00E0A63E /* NavigationBar.swift in Sources */,
				63DBFF9624BA508B000E1FD5 /* Sessions.swift in Sources */,
				63F127B425A90C0900B37E00 /* ViewFactory+UserSessions.swift in Sources */,
				632220A825A67F32005C8C8E /* MainScreenContentViewModel.swift in Sources */,
				6329EC5D24C1F53500DA831E /* ProgressItem.swift in Sources */,
				63BC983624B9244000AE1B28 /* Colors.swift in Sources */,
				639AF34724FBDE940020A26F /* LoadingImage.swift in Sources */,
				635C1FC524D0CDAB00DA1CD0 /* BlurredMaterial.swift in Sources */,
				6329EC5A24C1F38D00DA831E /* ProgressHeaderView.swift in Sources */,
				638D780725A7AB530065D19A /* ViewFactory+RecommendedSession.swift in Sources */,
				632220C925A68C62005C8C8E /* ViewFactory+ProgressHeader.swift in Sources */,
				63DBFF8F24BA3201000E1FD5 /* RecommendedSession.swift in Sources */,
				63BC983324B9227800AE1B28 /* SetupProgressHeaderView.swift in Sources */,
				638DD09B24C9923900630DAB /* FixedSpacer.swift in Sources */,
				63DBFF9224BA4EBE000E1FD5 /* UserSessionsView.swift in Sources */,
				63BC984324B9F3CF00AE1B28 /* SessionCell.swift in Sources */,
				634C2530257D947700E0A63E /* SourceTypeSectionView.swift in Sources */,
				6304A3B624C103660093DF70 /* MainScreenContentView.swift in Sources */,
				639AF34E24FBE9C40020A26F /* MockAsyncImage.swift in Sources */,
				63DBFF8724BA300C000E1FD5 /* RecommendedSessionsView.swift in Sources */,
				63DBFF9C24BA50C6000E1FD5 /* Recommendations.swift in Sources */,
				6329EC6024C1F5F700DA831E /* ProgressItems.swift in Sources */,
				63CA615824CCA2D8008D5A00 /* FixedSizeGeometryReader.swift in Sources */,
				638D780025A7A96E0065D19A /* RecommendedSessionsViewModel.swift in Sources */,
				63DBFF8C24BA3039000E1FD5 /* Session.swift in Sources */,
				63BC982E24B91ED000AE1B28 /* Fonts.swift in Sources */,
				63BC981224B90C4900AE1B28 /* Sketcher.swift in Sources */,
				63DBFF9924BA509C000E1FD5 /* Mocks.swift in Sources */,
			);
			runOnlyForDeploymentPostprocessing = 0;
		};
/* End PBXSourcesBuildPhase section */

/* Begin XCBuildConfiguration section */
		63BC981724B90C4900AE1B28 /* Debug */ = {
			isa = XCBuildConfiguration;
			buildSettings = {
				ALWAYS_SEARCH_USER_PATHS = NO;
				CLANG_ANALYZER_NONNULL = YES;
				CLANG_ANALYZER_NUMBER_OBJECT_CONVERSION = YES_AGGRESSIVE;
				CLANG_CXX_LANGUAGE_STANDARD = "gnu++14";
				CLANG_CXX_LIBRARY = "libc++";
				CLANG_ENABLE_MODULES = YES;
				CLANG_ENABLE_OBJC_ARC = YES;
				CLANG_ENABLE_OBJC_WEAK = YES;
				CLANG_WARN_BLOCK_CAPTURE_AUTORELEASING = YES;
				CLANG_WARN_BOOL_CONVERSION = YES;
				CLANG_WARN_COMMA = YES;
				CLANG_WARN_CONSTANT_CONVERSION = YES;
				CLANG_WARN_DEPRECATED_OBJC_IMPLEMENTATIONS = YES;
				CLANG_WARN_DIRECT_OBJC_ISA_USAGE = YES_ERROR;
				CLANG_WARN_DOCUMENTATION_COMMENTS = YES;
				CLANG_WARN_EMPTY_BODY = YES;
				CLANG_WARN_ENUM_CONVERSION = YES;
				CLANG_WARN_INFINITE_RECURSION = YES;
				CLANG_WARN_INT_CONVERSION = YES;
				CLANG_WARN_NON_LITERAL_NULL_CONVERSION = YES;
				CLANG_WARN_OBJC_IMPLICIT_RETAIN_SELF = YES;
				CLANG_WARN_OBJC_LITERAL_CONVERSION = YES;
				CLANG_WARN_OBJC_ROOT_CLASS = YES_ERROR;
				CLANG_WARN_QUOTED_INCLUDE_IN_FRAMEWORK_HEADER = YES;
				CLANG_WARN_RANGE_LOOP_ANALYSIS = YES;
				CLANG_WARN_STRICT_PROTOTYPES = YES;
				CLANG_WARN_SUSPICIOUS_MOVE = YES;
				CLANG_WARN_UNGUARDED_AVAILABILITY = YES_AGGRESSIVE;
				CLANG_WARN_UNREACHABLE_CODE = YES;
				CLANG_WARN__DUPLICATE_METHOD_MATCH = YES;
				COPY_PHASE_STRIP = NO;
				DEBUG_INFORMATION_FORMAT = dwarf;
				ENABLE_STRICT_OBJC_MSGSEND = YES;
				ENABLE_TESTABILITY = YES;
				GCC_C_LANGUAGE_STANDARD = gnu11;
				GCC_DYNAMIC_NO_PIC = NO;
				GCC_NO_COMMON_BLOCKS = YES;
				GCC_OPTIMIZATION_LEVEL = 0;
				GCC_PREPROCESSOR_DEFINITIONS = (
					"DEBUG=1",
					"$(inherited)",
				);
				GCC_WARN_64_TO_32_BIT_CONVERSION = YES;
				GCC_WARN_ABOUT_RETURN_TYPE = YES_ERROR;
				GCC_WARN_UNDECLARED_SELECTOR = YES;
				GCC_WARN_UNINITIALIZED_AUTOS = YES_AGGRESSIVE;
				GCC_WARN_UNUSED_FUNCTION = YES;
				GCC_WARN_UNUSED_VARIABLE = YES;
				IPHONEOS_DEPLOYMENT_TARGET = 14.0;
				MTL_ENABLE_DEBUG_INFO = INCLUDE_SOURCE;
				MTL_FAST_MATH = YES;
				ONLY_ACTIVE_ARCH = YES;
				SWIFT_ACTIVE_COMPILATION_CONDITIONS = DEBUG;
				SWIFT_OPTIMIZATION_LEVEL = "-Onone";
			};
			name = Debug;
		};
		63BC981824B90C4900AE1B28 /* Release */ = {
			isa = XCBuildConfiguration;
			buildSettings = {
				ALWAYS_SEARCH_USER_PATHS = NO;
				CLANG_ANALYZER_NONNULL = YES;
				CLANG_ANALYZER_NUMBER_OBJECT_CONVERSION = YES_AGGRESSIVE;
				CLANG_CXX_LANGUAGE_STANDARD = "gnu++14";
				CLANG_CXX_LIBRARY = "libc++";
				CLANG_ENABLE_MODULES = YES;
				CLANG_ENABLE_OBJC_ARC = YES;
				CLANG_ENABLE_OBJC_WEAK = YES;
				CLANG_WARN_BLOCK_CAPTURE_AUTORELEASING = YES;
				CLANG_WARN_BOOL_CONVERSION = YES;
				CLANG_WARN_COMMA = YES;
				CLANG_WARN_CONSTANT_CONVERSION = YES;
				CLANG_WARN_DEPRECATED_OBJC_IMPLEMENTATIONS = YES;
				CLANG_WARN_DIRECT_OBJC_ISA_USAGE = YES_ERROR;
				CLANG_WARN_DOCUMENTATION_COMMENTS = YES;
				CLANG_WARN_EMPTY_BODY = YES;
				CLANG_WARN_ENUM_CONVERSION = YES;
				CLANG_WARN_INFINITE_RECURSION = YES;
				CLANG_WARN_INT_CONVERSION = YES;
				CLANG_WARN_NON_LITERAL_NULL_CONVERSION = YES;
				CLANG_WARN_OBJC_IMPLICIT_RETAIN_SELF = YES;
				CLANG_WARN_OBJC_LITERAL_CONVERSION = YES;
				CLANG_WARN_OBJC_ROOT_CLASS = YES_ERROR;
				CLANG_WARN_QUOTED_INCLUDE_IN_FRAMEWORK_HEADER = YES;
				CLANG_WARN_RANGE_LOOP_ANALYSIS = YES;
				CLANG_WARN_STRICT_PROTOTYPES = YES;
				CLANG_WARN_SUSPICIOUS_MOVE = YES;
				CLANG_WARN_UNGUARDED_AVAILABILITY = YES_AGGRESSIVE;
				CLANG_WARN_UNREACHABLE_CODE = YES;
				CLANG_WARN__DUPLICATE_METHOD_MATCH = YES;
				COPY_PHASE_STRIP = NO;
				DEBUG_INFORMATION_FORMAT = "dwarf-with-dsym";
				ENABLE_NS_ASSERTIONS = NO;
				ENABLE_STRICT_OBJC_MSGSEND = YES;
				GCC_C_LANGUAGE_STANDARD = gnu11;
				GCC_NO_COMMON_BLOCKS = YES;
				GCC_WARN_64_TO_32_BIT_CONVERSION = YES;
				GCC_WARN_ABOUT_RETURN_TYPE = YES_ERROR;
				GCC_WARN_UNDECLARED_SELECTOR = YES;
				GCC_WARN_UNINITIALIZED_AUTOS = YES_AGGRESSIVE;
				GCC_WARN_UNUSED_FUNCTION = YES;
				GCC_WARN_UNUSED_VARIABLE = YES;
				IPHONEOS_DEPLOYMENT_TARGET = 14.0;
				MTL_ENABLE_DEBUG_INFO = NO;
				MTL_FAST_MATH = YES;
				SWIFT_COMPILATION_MODE = wholemodule;
				SWIFT_OPTIMIZATION_LEVEL = "-O";
			};
			name = Release;
		};
		63BC981A24B90C4900AE1B28 /* Debug */ = {
			isa = XCBuildConfiguration;
			buildSettings = {
				ASSETCATALOG_COMPILER_APPICON_NAME = AppIcon;
				ASSETCATALOG_COMPILER_GLOBAL_ACCENT_COLOR_NAME = AccentColor;
				CODE_SIGN_STYLE = Automatic;
				DEVELOPMENT_ASSET_PATHS = Shared/Resources/MockAssets.xcassets;
				DEVELOPMENT_TEAM = SKRU67QKG5;
				ENABLE_PREVIEWS = YES;
				INFOPLIST_FILE = iOS/Info.plist;
				LD_RUNPATH_SEARCH_PATHS = (
					"$(inherited)",
					"@executable_path/Frameworks",
				);
				PRODUCT_BUNDLE_IDENTIFIER = "me.shedward.sketcher.swiftUITrial.Sketcher-SUI";
				PRODUCT_NAME = "Sketcher SUI";
				SDKROOT = iphoneos;
				SWIFT_VERSION = 5.0;
				TARGETED_DEVICE_FAMILY = "1,2";
			};
			name = Debug;
		};
		63BC981B24B90C4900AE1B28 /* Release */ = {
			isa = XCBuildConfiguration;
			buildSettings = {
				ASSETCATALOG_COMPILER_APPICON_NAME = AppIcon;
				ASSETCATALOG_COMPILER_GLOBAL_ACCENT_COLOR_NAME = AccentColor;
				CODE_SIGN_STYLE = Automatic;
				DEVELOPMENT_ASSET_PATHS = Shared/Resources/MockAssets.xcassets;
				DEVELOPMENT_TEAM = SKRU67QKG5;
				ENABLE_PREVIEWS = YES;
				INFOPLIST_FILE = iOS/Info.plist;
				LD_RUNPATH_SEARCH_PATHS = (
					"$(inherited)",
					"@executable_path/Frameworks",
				);
				PRODUCT_BUNDLE_IDENTIFIER = "me.shedward.sketcher.swiftUITrial.Sketcher-SUI";
				PRODUCT_NAME = "Sketcher SUI";
				SDKROOT = iphoneos;
				SWIFT_VERSION = 5.0;
				TARGETED_DEVICE_FAMILY = "1,2";
				VALIDATE_PRODUCT = YES;
			};
			name = Release;
		};
		63BC981D24B90C4900AE1B28 /* Debug */ = {
			isa = XCBuildConfiguration;
			buildSettings = {
				ASSETCATALOG_COMPILER_APPICON_NAME = AppIcon;
				ASSETCATALOG_COMPILER_GLOBAL_ACCENT_COLOR_NAME = AccentColor;
				CODE_SIGN_ENTITLEMENTS = macOS/macOS.entitlements;
				CODE_SIGN_IDENTITY = "-";
				CODE_SIGN_STYLE = Automatic;
				COMBINE_HIDPI_IMAGES = YES;
				DEVELOPMENT_TEAM = SKRU67QKG5;
				ENABLE_HARDENED_RUNTIME = YES;
				ENABLE_PREVIEWS = YES;
				INFOPLIST_FILE = macOS/Info.plist;
				LD_RUNPATH_SEARCH_PATHS = (
					"$(inherited)",
					"@executable_path/../Frameworks",
				);
				PRODUCT_BUNDLE_IDENTIFIER = "me.shedward.sketcher.swiftUITrial.Sketcher-SUI";
				PRODUCT_NAME = "Sketcher SUI";
				SDKROOT = macosx;
				SWIFT_VERSION = 5.0;
			};
			name = Debug;
		};
		63BC981E24B90C4900AE1B28 /* Release */ = {
			isa = XCBuildConfiguration;
			buildSettings = {
				ASSETCATALOG_COMPILER_APPICON_NAME = AppIcon;
				ASSETCATALOG_COMPILER_GLOBAL_ACCENT_COLOR_NAME = AccentColor;
				CODE_SIGN_ENTITLEMENTS = macOS/macOS.entitlements;
				CODE_SIGN_IDENTITY = "-";
				CODE_SIGN_STYLE = Automatic;
				COMBINE_HIDPI_IMAGES = YES;
				DEVELOPMENT_TEAM = SKRU67QKG5;
				ENABLE_HARDENED_RUNTIME = YES;
				ENABLE_PREVIEWS = YES;
				INFOPLIST_FILE = macOS/Info.plist;
				LD_RUNPATH_SEARCH_PATHS = (
					"$(inherited)",
					"@executable_path/../Frameworks",
				);
				PRODUCT_BUNDLE_IDENTIFIER = "me.shedward.sketcher.swiftUITrial.Sketcher-SUI";
				PRODUCT_NAME = "Sketcher SUI";
				SDKROOT = macosx;
				SWIFT_VERSION = 5.0;
			};
			name = Release;
		};
/* End XCBuildConfiguration section */

/* Begin XCConfigurationList section */
		63BC97FC24B90C4800AE1B28 /* Build configuration list for PBXProject "Sketcher SUI" */ = {
			isa = XCConfigurationList;
			buildConfigurations = (
				63BC981724B90C4900AE1B28 /* Debug */,
				63BC981824B90C4900AE1B28 /* Release */,
			);
			defaultConfigurationIsVisible = 0;
			defaultConfigurationName = Release;
		};
		63BC981924B90C4900AE1B28 /* Build configuration list for PBXNativeTarget "iOS" */ = {
			isa = XCConfigurationList;
			buildConfigurations = (
				63BC981A24B90C4900AE1B28 /* Debug */,
				63BC981B24B90C4900AE1B28 /* Release */,
			);
			defaultConfigurationIsVisible = 0;
			defaultConfigurationName = Release;
		};
		63BC981C24B90C4900AE1B28 /* Build configuration list for PBXNativeTarget "macOS" */ = {
			isa = XCConfigurationList;
			buildConfigurations = (
				63BC981D24B90C4900AE1B28 /* Debug */,
				63BC981E24B90C4900AE1B28 /* Release */,
			);
			defaultConfigurationIsVisible = 0;
			defaultConfigurationName = Release;
		};
/* End XCConfigurationList section */
	};
	rootObject = 63BC97F924B90C4800AE1B28 /* Project object */;
}
